PODS:
  - Alamofire (4.9.1)
  - EasyDi (1.6.1)
  - Kingfisher (5.11.0):
    - Kingfisher/Core (= 5.11.0)
  - Kingfisher/Core (5.11.0)
  - PromiseKit (6.12.0):
    - PromiseKit/CorePromise (= 6.12.0)
    - PromiseKit/Foundation (= 6.12.0)
    - PromiseKit/UIKit (= 6.12.0)
  - PromiseKit/CorePromise (6.12.0)
  - PromiseKit/Foundation (6.12.0):
    - PromiseKit/CorePromise
  - PromiseKit/UIKit (6.12.0):
    - PromiseKit/CorePromise
  - SwiftGen (6.1.0)
  - SwiftLint (0.38.0)

DEPENDENCIES:
  - Alamofire
  - EasyDi
  - Kingfisher
  - PromiseKit
  - SwiftGen
  - SwiftLint

SPEC REPOS:
  trunk:
    - Alamofire
    - EasyDi
    - Kingfisher
    - PromiseKit
    - SwiftGen
    - SwiftLint

SPEC CHECKSUMS:
  Alamofire: 85e8a02c69d6020a0d734f6054870d7ecb75cf18
  EasyDi: 3d7d4c0d3ad2d78b3ff22d4755590d32945f69cc
  Kingfisher: 4569606189149e19c7d9439f47e885d0679b7a90
  PromiseKit: c06835ba442ce5454ce3cdde470232804a6e4ff8
  SwiftGen: f872ca75cbd17bf7103c17f13dcfa0d9a15667b0
  SwiftLint: 4105f061f9812b214568b736dab580ab2c73a582

PODFILE CHECKSUM: da82002b9de2235f7a7d1c145fdf25cd06f3d4e6

COCOAPODS: 1.8.4
