// !$*UTF8*$!
{
	archiveVersion = 1;
	classes = {
	};
	objectVersion = 51;
	objects = {

/* Begin PBXBuildFile section */
		7C05D35223A0C96600E4F34A /* LoadImageFromURL.swift in Sources */ = {isa = PBXBuildFile; fileRef = 7C05D35123A0C96600E4F34A /* LoadImageFromURL.swift */; };
		7C05D35C23A0EF7700E4F34A /* MainContainerController.swift in Sources */ = {isa = PBXBuildFile; fileRef = 7C05D35B23A0EF7700E4F34A /* MainContainerController.swift */; };
		7C05D35E23A0F3F500E4F34A /* MoviesContainerAssembly.swift in Sources */ = {isa = PBXBuildFile; fileRef = 7C05D35D23A0F3F500E4F34A /* MoviesContainerAssembly.swift */; };
		7C05D36023A0F45800E4F34A /* GenresPresenter.swift in Sources */ = {isa = PBXBuildFile; fileRef = 7C05D35F23A0F45800E4F34A /* GenresPresenter.swift */; };
		7C05D36223A0F46200E4F34A /* GenresPresenterImp.swift in Sources */ = {isa = PBXBuildFile; fileRef = 7C05D36123A0F46200E4F34A /* GenresPresenterImp.swift */; };
		7C05D36423A0F47900E4F34A /* MoviesContainerRouter.swift in Sources */ = {isa = PBXBuildFile; fileRef = 7C05D36323A0F47900E4F34A /* MoviesContainerRouter.swift */; };
		7C05D36623A0F48500E4F34A /* MoviesContainerRouterImp.swift in Sources */ = {isa = PBXBuildFile; fileRef = 7C05D36523A0F48500E4F34A /* MoviesContainerRouterImp.swift */; };
		7C05D36823A1009300E4F34A /* BasePageViewController.swift in Sources */ = {isa = PBXBuildFile; fileRef = 7C05D36723A1009300E4F34A /* BasePageViewController.swift */; };
		7C05D36B23A101B100E4F34A /* MainPageViewController.swift in Sources */ = {isa = PBXBuildFile; fileRef = 7C05D36A23A101B000E4F34A /* MainPageViewController.swift */; };
		7C05D36D23A101D000E4F34A /* MainPageViewControllerHandler.swift in Sources */ = {isa = PBXBuildFile; fileRef = 7C05D36C23A101D000E4F34A /* MainPageViewControllerHandler.swift */; };
		7C05D36F23A101E100E4F34A /* MainPageViewControllerDelegate.swift in Sources */ = {isa = PBXBuildFile; fileRef = 7C05D36E23A101E100E4F34A /* MainPageViewControllerDelegate.swift */; };
		7C05D37123A102D600E4F34A /* Genre.swift in Sources */ = {isa = PBXBuildFile; fileRef = 7C05D37023A102D600E4F34A /* Genre.swift */; };
		7C05D37423A117C200E4F34A /* MoviesListDataSource.swift in Sources */ = {isa = PBXBuildFile; fileRef = 7C05D37323A117C200E4F34A /* MoviesListDataSource.swift */; };
		7C05D37623A117DA00E4F34A /* MoviesListDataSourceInput.swift in Sources */ = {isa = PBXBuildFile; fileRef = 7C05D37523A117DA00E4F34A /* MoviesListDataSourceInput.swift */; };
		7C05D37823A117E800E4F34A /* MoviesListDataSourceOutput.swift in Sources */ = {isa = PBXBuildFile; fileRef = 7C05D37723A117E800E4F34A /* MoviesListDataSourceOutput.swift */; };
		7C05D37A23A117FD00E4F34A /* MoviesListDataSourceDelegate.swift in Sources */ = {isa = PBXBuildFile; fileRef = 7C05D37923A117FD00E4F34A /* MoviesListDataSourceDelegate.swift */; };
		7C05D37D23A11BEE00E4F34A /* CategorizedMovie.swift in Sources */ = {isa = PBXBuildFile; fileRef = 7C05D37C23A11BEE00E4F34A /* CategorizedMovie.swift */; };
		7C05D37F23A1277A00E4F34A /* MoviesListDisplayManager.swift in Sources */ = {isa = PBXBuildFile; fileRef = 7C05D37E23A1277A00E4F34A /* MoviesListDisplayManager.swift */; };
		7C05D38223A127A600E4F34A /* MoviesListDisplayManagerDelegate.swift in Sources */ = {isa = PBXBuildFile; fileRef = 7C05D38123A127A600E4F34A /* MoviesListDisplayManagerDelegate.swift */; };
		7C06EE85239A60B10058F16F /* Localizable.strings in Resources */ = {isa = PBXBuildFile; fileRef = 7C06EE84239A60B10058F16F /* Localizable.strings */; };
		7C06EE89239A61300058F16F /* Strings.swift in Sources */ = {isa = PBXBuildFile; fileRef = 7C06EE86239A61300058F16F /* Strings.swift */; };
		7C06EE8A239A61300058F16F /* Storyboards.swift in Sources */ = {isa = PBXBuildFile; fileRef = 7C06EE87239A61300058F16F /* Storyboards.swift */; };
		7C06EE8B239A61300058F16F /* Assets.swift in Sources */ = {isa = PBXBuildFile; fileRef = 7C06EE88239A61300058F16F /* Assets.swift */; };
		7C06EE98239AA50E0058F16F /* BaseHandlerController.swift in Sources */ = {isa = PBXBuildFile; fileRef = 7C06EE97239AA50E0058F16F /* BaseHandlerController.swift */; };
		7C06EE9A239AA5890058F16F /* ModuleInput + ModuleInputProvider.swift in Sources */ = {isa = PBXBuildFile; fileRef = 7C06EE99239AA5890058F16F /* ModuleInput + ModuleInputProvider.swift */; };
		7C06EE9C239AA5D10058F16F /* BaseRoutingProtocol.swift in Sources */ = {isa = PBXBuildFile; fileRef = 7C06EE9B239AA5D10058F16F /* BaseRoutingProtocol.swift */; };
		7C06EE9E239AA9E00058F16F /* BaseViewController.swift in Sources */ = {isa = PBXBuildFile; fileRef = 7C06EE9D239AA9E00058F16F /* BaseViewController.swift */; };
		7C06EEA1239AB0690058F16F /* Networking.swift in Sources */ = {isa = PBXBuildFile; fileRef = 7C06EEA0239AB0690058F16F /* Networking.swift */; };
		7C06EEA3239AB18F0058F16F /* NetworkingImp.swift in Sources */ = {isa = PBXBuildFile; fileRef = 7C06EEA2239AB18F0058F16F /* NetworkingImp.swift */; };
		7C07F099239E71EF00644ACA /* ResponseSerializer.swift in Sources */ = {isa = PBXBuildFile; fileRef = 7C07F098239E71EF00644ACA /* ResponseSerializer.swift */; };
		7C07F09B239E737900644ACA /* NetworkingError.swift in Sources */ = {isa = PBXBuildFile; fileRef = 7C07F09A239E737900644ACA /* NetworkingError.swift */; };
		7C07F09E239E780200644ACA /* RequestGateway.swift in Sources */ = {isa = PBXBuildFile; fileRef = 7C07F09D239E780200644ACA /* RequestGateway.swift */; };
		7C07F0A0239E780D00644ACA /* RequestGatewayImp.swift in Sources */ = {isa = PBXBuildFile; fileRef = 7C07F09F239E780D00644ACA /* RequestGatewayImp.swift */; };
		7C07F0A2239E792500644ACA /* RequestMethod.swift in Sources */ = {isa = PBXBuildFile; fileRef = 7C07F0A1239E792500644ACA /* RequestMethod.swift */; };
		7C07F0A6239E894400644ACA /* Movie.swift in Sources */ = {isa = PBXBuildFile; fileRef = 7C07F0A5239E894400644ACA /* Movie.swift */; };
		7C07F0A8239E8A8C00644ACA /* MoviesList.swift in Sources */ = {isa = PBXBuildFile; fileRef = 7C07F0A7239E8A8C00644ACA /* MoviesList.swift */; };
		7C07F0AD239F778B00644ACA /* MoviesListUseCase.swift in Sources */ = {isa = PBXBuildFile; fileRef = 7C07F0AC239F778B00644ACA /* MoviesListUseCase.swift */; };
		7C07F0AF239F779800644ACA /* MoviesListUseCaseImp.swift in Sources */ = {isa = PBXBuildFile; fileRef = 7C07F0AE239F779800644ACA /* MoviesListUseCaseImp.swift */; };
		7C07F0B7239F890600644ACA /* MoviesListNetworkingAssembly.swift in Sources */ = {isa = PBXBuildFile; fileRef = 7C07F0B6239F890600644ACA /* MoviesListNetworkingAssembly.swift */; };
		7C07F0BA239F899D00644ACA /* NetworkingAssembly.swift in Sources */ = {isa = PBXBuildFile; fileRef = 7C07F0B9239F899D00644ACA /* NetworkingAssembly.swift */; };
		7C07F0BC239F8CD800644ACA /* MoviesListAssembly.swift in Sources */ = {isa = PBXBuildFile; fileRef = 7C07F0BB239F8CD800644ACA /* MoviesListAssembly.swift */; };
		7C07F0BE239F8D9700644ACA /* MoviesListPresenter.swift in Sources */ = {isa = PBXBuildFile; fileRef = 7C07F0BD239F8D9700644ACA /* MoviesListPresenter.swift */; };
		7C07F0C0239F8DA300644ACA /* MoviesListPresenterImp.swift in Sources */ = {isa = PBXBuildFile; fileRef = 7C07F0BF239F8DA300644ACA /* MoviesListPresenterImp.swift */; };
		7C07F0C2239F903500644ACA /* MoviesListRouter.swift in Sources */ = {isa = PBXBuildFile; fileRef = 7C07F0C1239F903500644ACA /* MoviesListRouter.swift */; };
		7C07F0C4239F905100644ACA /* MoviesListRouterImp.swift in Sources */ = {isa = PBXBuildFile; fileRef = 7C07F0C3239F905100644ACA /* MoviesListRouterImp.swift */; };
		7C07F0C6239F91C200644ACA /* MoviesListViewController.swift in Sources */ = {isa = PBXBuildFile; fileRef = 7C07F0C5239F91C200644ACA /* MoviesListViewController.swift */; };
		7C07F0CD239FA7E600644ACA /* MovieCollectionViewCell.swift in Sources */ = {isa = PBXBuildFile; fileRef = 7C07F0CB239FA7E600644ACA /* MovieCollectionViewCell.swift */; };
		7C07F0CE239FA7E600644ACA /* MovieCollectionViewCell.xib in Resources */ = {isa = PBXBuildFile; fileRef = 7C07F0CC239FA7E600644ACA /* MovieCollectionViewCell.xib */; };
		7C07F0D0239FAA7800644ACA /* Colors.swift in Sources */ = {isa = PBXBuildFile; fileRef = 7C07F0CF239FAA7800644ACA /* Colors.swift */; };
		7C07F0D2239FAA8100644ACA /* Fonts.swift in Sources */ = {isa = PBXBuildFile; fileRef = 7C07F0D1239FAA8100644ACA /* Fonts.swift */; };
		7C07F0D9239FC6C100644ACA /* MoviesList.storyboard in Resources */ = {isa = PBXBuildFile; fileRef = 7C07F0D7239FBDDF00644ACA /* MoviesList.storyboard */; };
		7C0B68D1239A45E400501DF3 /* AppDelegate.swift in Sources */ = {isa = PBXBuildFile; fileRef = 7C0B68D0239A45E400501DF3 /* AppDelegate.swift */; };
		7C0B68D3239A45E400501DF3 /* SceneDelegate.swift in Sources */ = {isa = PBXBuildFile; fileRef = 7C0B68D2239A45E400501DF3 /* SceneDelegate.swift */; };
		7C0B68DA239A45E500501DF3 /* Assets.xcassets in Resources */ = {isa = PBXBuildFile; fileRef = 7C0B68D9239A45E500501DF3 /* Assets.xcassets */; };
		7C0B68DD239A45E500501DF3 /* LaunchScreen.storyboard in Resources */ = {isa = PBXBuildFile; fileRef = 7C0B68DB239A45E500501DF3 /* LaunchScreen.storyboard */; };
		7C0B68E8239A45E500501DF3 /* movies_appTests.swift in Sources */ = {isa = PBXBuildFile; fileRef = 7C0B68E7239A45E500501DF3 /* movies_appTests.swift */; };
		7C0B68F3239A45E500501DF3 /* movies_appUITests.swift in Sources */ = {isa = PBXBuildFile; fileRef = 7C0B68F2239A45E500501DF3 /* movies_appUITests.swift */; };
		7C4B7839239FD25400662543 /* Segoe UI, Regular.ttf in Resources */ = {isa = PBXBuildFile; fileRef = 7C4B7837239FD25400662543 /* Segoe UI, Regular.ttf */; };
		7C4B783A239FD25400662543 /* seguisb.ttf in Resources */ = {isa = PBXBuildFile; fileRef = 7C4B7838239FD25400662543 /* seguisb.ttf */; };
		7CBCB13823A14AC200B2F484 /* GenresDataSourceInput.swift in Sources */ = {isa = PBXBuildFile; fileRef = 7CBCB13723A14AC200B2F484 /* GenresDataSourceInput.swift */; };
		7CBCB13A23A14B0000B2F484 /* GenresDataSourceOutput.swift in Sources */ = {isa = PBXBuildFile; fileRef = 7CBCB13923A14B0000B2F484 /* GenresDataSourceOutput.swift */; };
		7CBCB13C23A14B5100B2F484 /* GenresDelegate.swift in Sources */ = {isa = PBXBuildFile; fileRef = 7CBCB13B23A14B5100B2F484 /* GenresDelegate.swift */; };
		7CBCB13E23A14B8E00B2F484 /* GenresDataSourceImp.swift in Sources */ = {isa = PBXBuildFile; fileRef = 7CBCB13D23A14B8E00B2F484 /* GenresDataSourceImp.swift */; };
		7CBCB14123A14D3C00B2F484 /* GenresDisplayManagerDelegate.swift in Sources */ = {isa = PBXBuildFile; fileRef = 7CBCB14023A14D3C00B2F484 /* GenresDisplayManagerDelegate.swift */; };
		7CBCB14323A14D6F00B2F484 /* GenresDisplayManagerImp.swift in Sources */ = {isa = PBXBuildFile; fileRef = 7CBCB14223A14D6F00B2F484 /* GenresDisplayManagerImp.swift */; };
		7CBCB14823A14F4600B2F484 /* GenreNameCollectionViewCell.swift in Sources */ = {isa = PBXBuildFile; fileRef = 7CBCB14723A14F4600B2F484 /* GenreNameCollectionViewCell.swift */; };
		7CBCB14C23A1524F00B2F484 /* GenresUseCase.swift in Sources */ = {isa = PBXBuildFile; fileRef = 7CBCB14B23A1524F00B2F484 /* GenresUseCase.swift */; };
		7CBCB14E23A1528C00B2F484 /* GenresUseCaseImp.swift in Sources */ = {isa = PBXBuildFile; fileRef = 7CBCB14D23A1528C00B2F484 /* GenresUseCaseImp.swift */; };
		7CBCB15023A22EE900B2F484 /* StringSize.swift in Sources */ = {isa = PBXBuildFile; fileRef = 7CBCB14F23A22EE900B2F484 /* StringSize.swift */; };
		7CD182DC23A37B7F00965E03 /* BasePageViewControllerHandler.swift in Sources */ = {isa = PBXBuildFile; fileRef = 7CD182DB23A37B7F00965E03 /* BasePageViewControllerHandler.swift */; };
		7CD182DE23A37F4800965E03 /* BasePageViewControllerDelegate.swift in Sources */ = {isa = PBXBuildFile; fileRef = 7CD182DD23A37F4800965E03 /* BasePageViewControllerDelegate.swift */; };
		7CD182E523A39FCD00965E03 /* CastUseCase.swift in Sources */ = {isa = PBXBuildFile; fileRef = 7CD182E423A39FCD00965E03 /* CastUseCase.swift */; };
		7CD182E723A39FD600965E03 /* CastUseCaseImp.swift in Sources */ = {isa = PBXBuildFile; fileRef = 7CD182E623A39FD600965E03 /* CastUseCaseImp.swift */; };
		7CD182EA23A3A01A00965E03 /* Cast.swift in Sources */ = {isa = PBXBuildFile; fileRef = 7CD182E923A3A01A00965E03 /* Cast.swift */; };
		7CD182EC23A3A47D00965E03 /* DetailsUseCase.swift in Sources */ = {isa = PBXBuildFile; fileRef = 7CD182EB23A3A47D00965E03 /* DetailsUseCase.swift */; };
		7CD182EE23A3A48700965E03 /* DetailsUseCaseImp.swift in Sources */ = {isa = PBXBuildFile; fileRef = 7CD182ED23A3A48700965E03 /* DetailsUseCaseImp.swift */; };
		7CD182F023A3A4CA00965E03 /* Details.swift in Sources */ = {isa = PBXBuildFile; fileRef = 7CD182EF23A3A4CA00965E03 /* Details.swift */; };
		7CD182F223A3A64700965E03 /* ProductionCountry.swift in Sources */ = {isa = PBXBuildFile; fileRef = 7CD182F123A3A64700965E03 /* ProductionCountry.swift */; };
		7CD182F423A3A8E800965E03 /* Review.swift in Sources */ = {isa = PBXBuildFile; fileRef = 7CD182F323A3A8E800965E03 /* Review.swift */; };
		7CD182F623A3A9D100965E03 /* ReviewUseCase.swift in Sources */ = {isa = PBXBuildFile; fileRef = 7CD182F523A3A9D100965E03 /* ReviewUseCase.swift */; };
		7CD182F823A3AA0400965E03 /* ReviewUseCaseImp.swift in Sources */ = {isa = PBXBuildFile; fileRef = 7CD182F723A3AA0400965E03 /* ReviewUseCaseImp.swift */; };
		7CD182FA23A3AAD000965E03 /* GalleryUseCase.swift in Sources */ = {isa = PBXBuildFile; fileRef = 7CD182F923A3AAD000965E03 /* GalleryUseCase.swift */; };
		7CD182FC23A3AAFF00965E03 /* GalleryImage.swift in Sources */ = {isa = PBXBuildFile; fileRef = 7CD182FB23A3AAFF00965E03 /* GalleryImage.swift */; };
		7CD182FE23A3AB3800965E03 /* GalleryUseCaseImp.swift in Sources */ = {isa = PBXBuildFile; fileRef = 7CD182FD23A3AB3800965E03 /* GalleryUseCaseImp.swift */; };
		7CD1830123A3BD4600965E03 /* RecommendationsUseCase.swift in Sources */ = {isa = PBXBuildFile; fileRef = 7CD1830023A3BD4600965E03 /* RecommendationsUseCase.swift */; };
		7CD1830323A3BDDE00965E03 /* RecommendationsUseCaseImp.swift in Sources */ = {isa = PBXBuildFile; fileRef = 7CD1830223A3BDDE00965E03 /* RecommendationsUseCaseImp.swift */; };
		7CD1830623A3BEF700965E03 /* MovieDetailsNetworkingAssembly.swift in Sources */ = {isa = PBXBuildFile; fileRef = 7CD1830523A3BEF700965E03 /* MovieDetailsNetworkingAssembly.swift */; };
		C577AE138AA78C36E9964A3C /* Pods_movies_app_movies_appUITests.framework in Frameworks */ = {isa = PBXBuildFile; fileRef = 10F1EDD3B40545A7EF51B21E /* Pods_movies_app_movies_appUITests.framework */; };
		D1D4A6FF8E61E02996613433 /* Pods_movies_app.framework in Frameworks */ = {isa = PBXBuildFile; fileRef = 82A27C1BAD86BE9397D87D74 /* Pods_movies_app.framework */; };
		EA8D31D9AED5A71C233D0FAC /* Pods_movies_appTests.framework in Frameworks */ = {isa = PBXBuildFile; fileRef = 6C9BC7FC771ECBFF0CE9DB1D /* Pods_movies_appTests.framework */; };
/* End PBXBuildFile section */

/* Begin PBXContainerItemProxy section */
		7C0B68E4239A45E500501DF3 /* PBXContainerItemProxy */ = {
			isa = PBXContainerItemProxy;
			containerPortal = 7C0B68C5239A45E300501DF3 /* Project object */;
			proxyType = 1;
			remoteGlobalIDString = 7C0B68CC239A45E400501DF3;
			remoteInfo = "movies-app";
		};
		7C0B68EF239A45E500501DF3 /* PBXContainerItemProxy */ = {
			isa = PBXContainerItemProxy;
			containerPortal = 7C0B68C5239A45E300501DF3 /* Project object */;
			proxyType = 1;
			remoteGlobalIDString = 7C0B68CC239A45E400501DF3;
			remoteInfo = "movies-app";
		};
/* End PBXContainerItemProxy section */

/* Begin PBXFileReference section */
		10F1EDD3B40545A7EF51B21E /* Pods_movies_app_movies_appUITests.framework */ = {isa = PBXFileReference; explicitFileType = wrapper.framework; includeInIndex = 0; path = Pods_movies_app_movies_appUITests.framework; sourceTree = BUILT_PRODUCTS_DIR; };
		1DC9380017051A64EBFD2C93 /* Pods-movies-appTests.debug.xcconfig */ = {isa = PBXFileReference; includeInIndex = 1; lastKnownFileType = text.xcconfig; name = "Pods-movies-appTests.debug.xcconfig"; path = "Target Support Files/Pods-movies-appTests/Pods-movies-appTests.debug.xcconfig"; sourceTree = "<group>"; };
		26D9119DDD2A2BDA8C87C4A8 /* Pods-movies-appTests.release.xcconfig */ = {isa = PBXFileReference; includeInIndex = 1; lastKnownFileType = text.xcconfig; name = "Pods-movies-appTests.release.xcconfig"; path = "Target Support Files/Pods-movies-appTests/Pods-movies-appTests.release.xcconfig"; sourceTree = "<group>"; };
		4422200565BFA92F1B8D3D3E /* Pods-movies-app-movies-appUITests.debug.xcconfig */ = {isa = PBXFileReference; includeInIndex = 1; lastKnownFileType = text.xcconfig; name = "Pods-movies-app-movies-appUITests.debug.xcconfig"; path = "Target Support Files/Pods-movies-app-movies-appUITests/Pods-movies-app-movies-appUITests.debug.xcconfig"; sourceTree = "<group>"; };
		535BF1DA553778726D4CFA19 /* Pods-movies-app.debug.xcconfig */ = {isa = PBXFileReference; includeInIndex = 1; lastKnownFileType = text.xcconfig; name = "Pods-movies-app.debug.xcconfig"; path = "Target Support Files/Pods-movies-app/Pods-movies-app.debug.xcconfig"; sourceTree = "<group>"; };
		6C9BC7FC771ECBFF0CE9DB1D /* Pods_movies_appTests.framework */ = {isa = PBXFileReference; explicitFileType = wrapper.framework; includeInIndex = 0; path = Pods_movies_appTests.framework; sourceTree = BUILT_PRODUCTS_DIR; };
		7C05D35123A0C96600E4F34A /* LoadImageFromURL.swift */ = {isa = PBXFileReference; lastKnownFileType = sourcecode.swift; path = LoadImageFromURL.swift; sourceTree = "<group>"; };
		7C05D35B23A0EF7700E4F34A /* MainContainerController.swift */ = {isa = PBXFileReference; lastKnownFileType = sourcecode.swift; path = MainContainerController.swift; sourceTree = "<group>"; };
		7C05D35D23A0F3F500E4F34A /* MoviesContainerAssembly.swift */ = {isa = PBXFileReference; lastKnownFileType = sourcecode.swift; path = MoviesContainerAssembly.swift; sourceTree = "<group>"; };
		7C05D35F23A0F45800E4F34A /* GenresPresenter.swift */ = {isa = PBXFileReference; lastKnownFileType = sourcecode.swift; path = GenresPresenter.swift; sourceTree = "<group>"; };
		7C05D36123A0F46200E4F34A /* GenresPresenterImp.swift */ = {isa = PBXFileReference; lastKnownFileType = sourcecode.swift; path = GenresPresenterImp.swift; sourceTree = "<group>"; };
		7C05D36323A0F47900E4F34A /* MoviesContainerRouter.swift */ = {isa = PBXFileReference; lastKnownFileType = sourcecode.swift; path = MoviesContainerRouter.swift; sourceTree = "<group>"; };
		7C05D36523A0F48500E4F34A /* MoviesContainerRouterImp.swift */ = {isa = PBXFileReference; lastKnownFileType = sourcecode.swift; path = MoviesContainerRouterImp.swift; sourceTree = "<group>"; };
		7C05D36723A1009300E4F34A /* BasePageViewController.swift */ = {isa = PBXFileReference; lastKnownFileType = sourcecode.swift; path = BasePageViewController.swift; sourceTree = "<group>"; };
		7C05D36A23A101B000E4F34A /* MainPageViewController.swift */ = {isa = PBXFileReference; lastKnownFileType = sourcecode.swift; path = MainPageViewController.swift; sourceTree = "<group>"; };
		7C05D36C23A101D000E4F34A /* MainPageViewControllerHandler.swift */ = {isa = PBXFileReference; lastKnownFileType = sourcecode.swift; path = MainPageViewControllerHandler.swift; sourceTree = "<group>"; };
		7C05D36E23A101E100E4F34A /* MainPageViewControllerDelegate.swift */ = {isa = PBXFileReference; lastKnownFileType = sourcecode.swift; path = MainPageViewControllerDelegate.swift; sourceTree = "<group>"; };
		7C05D37023A102D600E4F34A /* Genre.swift */ = {isa = PBXFileReference; lastKnownFileType = sourcecode.swift; path = Genre.swift; sourceTree = "<group>"; };
		7C05D37323A117C200E4F34A /* MoviesListDataSource.swift */ = {isa = PBXFileReference; lastKnownFileType = sourcecode.swift; path = MoviesListDataSource.swift; sourceTree = "<group>"; };
		7C05D37523A117DA00E4F34A /* MoviesListDataSourceInput.swift */ = {isa = PBXFileReference; lastKnownFileType = sourcecode.swift; path = MoviesListDataSourceInput.swift; sourceTree = "<group>"; };
		7C05D37723A117E800E4F34A /* MoviesListDataSourceOutput.swift */ = {isa = PBXFileReference; lastKnownFileType = sourcecode.swift; path = MoviesListDataSourceOutput.swift; sourceTree = "<group>"; };
		7C05D37923A117FD00E4F34A /* MoviesListDataSourceDelegate.swift */ = {isa = PBXFileReference; lastKnownFileType = sourcecode.swift; path = MoviesListDataSourceDelegate.swift; sourceTree = "<group>"; };
		7C05D37C23A11BEE00E4F34A /* CategorizedMovie.swift */ = {isa = PBXFileReference; lastKnownFileType = sourcecode.swift; path = CategorizedMovie.swift; sourceTree = "<group>"; };
		7C05D37E23A1277A00E4F34A /* MoviesListDisplayManager.swift */ = {isa = PBXFileReference; lastKnownFileType = sourcecode.swift; path = MoviesListDisplayManager.swift; sourceTree = "<group>"; };
		7C05D38123A127A600E4F34A /* MoviesListDisplayManagerDelegate.swift */ = {isa = PBXFileReference; lastKnownFileType = sourcecode.swift; path = MoviesListDisplayManagerDelegate.swift; sourceTree = "<group>"; };
		7C06EE84239A60B10058F16F /* Localizable.strings */ = {isa = PBXFileReference; lastKnownFileType = text.plist.strings; path = Localizable.strings; sourceTree = "<group>"; };
		7C06EE86239A61300058F16F /* Strings.swift */ = {isa = PBXFileReference; fileEncoding = 4; lastKnownFileType = sourcecode.swift; path = Strings.swift; sourceTree = "<group>"; };
		7C06EE87239A61300058F16F /* Storyboards.swift */ = {isa = PBXFileReference; fileEncoding = 4; lastKnownFileType = sourcecode.swift; path = Storyboards.swift; sourceTree = "<group>"; };
		7C06EE88239A61300058F16F /* Assets.swift */ = {isa = PBXFileReference; fileEncoding = 4; lastKnownFileType = sourcecode.swift; path = Assets.swift; sourceTree = "<group>"; };
		7C06EE97239AA50E0058F16F /* BaseHandlerController.swift */ = {isa = PBXFileReference; lastKnownFileType = sourcecode.swift; path = BaseHandlerController.swift; sourceTree = "<group>"; };
		7C06EE99239AA5890058F16F /* ModuleInput + ModuleInputProvider.swift */ = {isa = PBXFileReference; lastKnownFileType = sourcecode.swift; path = "ModuleInput + ModuleInputProvider.swift"; sourceTree = "<group>"; };
		7C06EE9B239AA5D10058F16F /* BaseRoutingProtocol.swift */ = {isa = PBXFileReference; lastKnownFileType = sourcecode.swift; path = BaseRoutingProtocol.swift; sourceTree = "<group>"; };
		7C06EE9D239AA9E00058F16F /* BaseViewController.swift */ = {isa = PBXFileReference; lastKnownFileType = sourcecode.swift; path = BaseViewController.swift; sourceTree = "<group>"; };
		7C06EEA0239AB0690058F16F /* Networking.swift */ = {isa = PBXFileReference; lastKnownFileType = sourcecode.swift; path = Networking.swift; sourceTree = "<group>"; };
		7C06EEA2239AB18F0058F16F /* NetworkingImp.swift */ = {isa = PBXFileReference; lastKnownFileType = sourcecode.swift; path = NetworkingImp.swift; sourceTree = "<group>"; };
		7C07F098239E71EF00644ACA /* ResponseSerializer.swift */ = {isa = PBXFileReference; lastKnownFileType = sourcecode.swift; path = ResponseSerializer.swift; sourceTree = "<group>"; };
		7C07F09A239E737900644ACA /* NetworkingError.swift */ = {isa = PBXFileReference; lastKnownFileType = sourcecode.swift; path = NetworkingError.swift; sourceTree = "<group>"; };
		7C07F09D239E780200644ACA /* RequestGateway.swift */ = {isa = PBXFileReference; lastKnownFileType = sourcecode.swift; path = RequestGateway.swift; sourceTree = "<group>"; };
		7C07F09F239E780D00644ACA /* RequestGatewayImp.swift */ = {isa = PBXFileReference; lastKnownFileType = sourcecode.swift; path = RequestGatewayImp.swift; sourceTree = "<group>"; };
		7C07F0A1239E792500644ACA /* RequestMethod.swift */ = {isa = PBXFileReference; lastKnownFileType = sourcecode.swift; path = RequestMethod.swift; sourceTree = "<group>"; };
		7C07F0A5239E894400644ACA /* Movie.swift */ = {isa = PBXFileReference; lastKnownFileType = sourcecode.swift; path = Movie.swift; sourceTree = "<group>"; };
		7C07F0A7239E8A8C00644ACA /* MoviesList.swift */ = {isa = PBXFileReference; lastKnownFileType = sourcecode.swift; path = MoviesList.swift; sourceTree = "<group>"; };
		7C07F0AC239F778B00644ACA /* MoviesListUseCase.swift */ = {isa = PBXFileReference; lastKnownFileType = sourcecode.swift; path = MoviesListUseCase.swift; sourceTree = "<group>"; };
		7C07F0AE239F779800644ACA /* MoviesListUseCaseImp.swift */ = {isa = PBXFileReference; lastKnownFileType = sourcecode.swift; path = MoviesListUseCaseImp.swift; sourceTree = "<group>"; };
		7C07F0B6239F890600644ACA /* MoviesListNetworkingAssembly.swift */ = {isa = PBXFileReference; lastKnownFileType = sourcecode.swift; path = MoviesListNetworkingAssembly.swift; sourceTree = "<group>"; };
		7C07F0B9239F899D00644ACA /* NetworkingAssembly.swift */ = {isa = PBXFileReference; lastKnownFileType = sourcecode.swift; path = NetworkingAssembly.swift; sourceTree = "<group>"; };
		7C07F0BB239F8CD800644ACA /* MoviesListAssembly.swift */ = {isa = PBXFileReference; lastKnownFileType = sourcecode.swift; path = MoviesListAssembly.swift; sourceTree = "<group>"; };
		7C07F0BD239F8D9700644ACA /* MoviesListPresenter.swift */ = {isa = PBXFileReference; lastKnownFileType = sourcecode.swift; path = MoviesListPresenter.swift; sourceTree = "<group>"; };
		7C07F0BF239F8DA300644ACA /* MoviesListPresenterImp.swift */ = {isa = PBXFileReference; lastKnownFileType = sourcecode.swift; path = MoviesListPresenterImp.swift; sourceTree = "<group>"; };
		7C07F0C1239F903500644ACA /* MoviesListRouter.swift */ = {isa = PBXFileReference; lastKnownFileType = sourcecode.swift; path = MoviesListRouter.swift; sourceTree = "<group>"; };
		7C07F0C3239F905100644ACA /* MoviesListRouterImp.swift */ = {isa = PBXFileReference; lastKnownFileType = sourcecode.swift; path = MoviesListRouterImp.swift; sourceTree = "<group>"; };
		7C07F0C5239F91C200644ACA /* MoviesListViewController.swift */ = {isa = PBXFileReference; lastKnownFileType = sourcecode.swift; path = MoviesListViewController.swift; sourceTree = "<group>"; };
		7C07F0CB239FA7E600644ACA /* MovieCollectionViewCell.swift */ = {isa = PBXFileReference; lastKnownFileType = sourcecode.swift; path = MovieCollectionViewCell.swift; sourceTree = "<group>"; };
		7C07F0CC239FA7E600644ACA /* MovieCollectionViewCell.xib */ = {isa = PBXFileReference; lastKnownFileType = file.xib; path = MovieCollectionViewCell.xib; sourceTree = "<group>"; };
		7C07F0CF239FAA7800644ACA /* Colors.swift */ = {isa = PBXFileReference; lastKnownFileType = sourcecode.swift; path = Colors.swift; sourceTree = "<group>"; };
		7C07F0D1239FAA8100644ACA /* Fonts.swift */ = {isa = PBXFileReference; lastKnownFileType = sourcecode.swift; path = Fonts.swift; sourceTree = "<group>"; };
		7C07F0D7239FBDDF00644ACA /* MoviesList.storyboard */ = {isa = PBXFileReference; lastKnownFileType = file.storyboard; path = MoviesList.storyboard; sourceTree = "<group>"; };
		7C0B68CD239A45E400501DF3 /* Movies App.app */ = {isa = PBXFileReference; explicitFileType = wrapper.application; includeInIndex = 0; path = "Movies App.app"; sourceTree = BUILT_PRODUCTS_DIR; };
		7C0B68D0239A45E400501DF3 /* AppDelegate.swift */ = {isa = PBXFileReference; lastKnownFileType = sourcecode.swift; path = AppDelegate.swift; sourceTree = "<group>"; };
		7C0B68D2239A45E400501DF3 /* SceneDelegate.swift */ = {isa = PBXFileReference; lastKnownFileType = sourcecode.swift; path = SceneDelegate.swift; sourceTree = "<group>"; };
		7C0B68D9239A45E500501DF3 /* Assets.xcassets */ = {isa = PBXFileReference; lastKnownFileType = folder.assetcatalog; path = Assets.xcassets; sourceTree = "<group>"; };
		7C0B68DC239A45E500501DF3 /* Base */ = {isa = PBXFileReference; lastKnownFileType = file.storyboard; name = Base; path = Base.lproj/LaunchScreen.storyboard; sourceTree = "<group>"; };
		7C0B68DE239A45E500501DF3 /* Info.plist */ = {isa = PBXFileReference; lastKnownFileType = text.plist.xml; path = Info.plist; sourceTree = "<group>"; };
		7C0B68E3239A45E500501DF3 /* movies-appTests.xctest */ = {isa = PBXFileReference; explicitFileType = wrapper.cfbundle; includeInIndex = 0; path = "movies-appTests.xctest"; sourceTree = BUILT_PRODUCTS_DIR; };
		7C0B68E7239A45E500501DF3 /* movies_appTests.swift */ = {isa = PBXFileReference; lastKnownFileType = sourcecode.swift; path = movies_appTests.swift; sourceTree = "<group>"; };
		7C0B68E9239A45E500501DF3 /* Info.plist */ = {isa = PBXFileReference; lastKnownFileType = text.plist.xml; path = Info.plist; sourceTree = "<group>"; };
		7C0B68EE239A45E500501DF3 /* movies-appUITests.xctest */ = {isa = PBXFileReference; explicitFileType = wrapper.cfbundle; includeInIndex = 0; path = "movies-appUITests.xctest"; sourceTree = BUILT_PRODUCTS_DIR; };
		7C0B68F2239A45E500501DF3 /* movies_appUITests.swift */ = {isa = PBXFileReference; lastKnownFileType = sourcecode.swift; path = movies_appUITests.swift; sourceTree = "<group>"; };
		7C0B68F4239A45E500501DF3 /* Info.plist */ = {isa = PBXFileReference; lastKnownFileType = text.plist.xml; path = Info.plist; sourceTree = "<group>"; };
		7C4B7832239FD1EC00662543 /* Segoe UI, Regular.ttf */ = {isa = PBXFileReference; lastKnownFileType = file; path = "Segoe UI, Regular.ttf"; sourceTree = "<group>"; };
		7C4B7834239FD1F100662543 /* seguisb.ttf */ = {isa = PBXFileReference; lastKnownFileType = file; path = seguisb.ttf; sourceTree = "<group>"; };
		7C4B7837239FD25400662543 /* Segoe UI, Regular.ttf */ = {isa = PBXFileReference; lastKnownFileType = file; path = "Segoe UI, Regular.ttf"; sourceTree = "<group>"; };
		7C4B7838239FD25400662543 /* seguisb.ttf */ = {isa = PBXFileReference; lastKnownFileType = file; path = seguisb.ttf; sourceTree = "<group>"; };
		7CBCB13723A14AC200B2F484 /* GenresDataSourceInput.swift */ = {isa = PBXFileReference; lastKnownFileType = sourcecode.swift; path = GenresDataSourceInput.swift; sourceTree = "<group>"; };
		7CBCB13923A14B0000B2F484 /* GenresDataSourceOutput.swift */ = {isa = PBXFileReference; lastKnownFileType = sourcecode.swift; path = GenresDataSourceOutput.swift; sourceTree = "<group>"; };
		7CBCB13B23A14B5100B2F484 /* GenresDelegate.swift */ = {isa = PBXFileReference; lastKnownFileType = sourcecode.swift; path = GenresDelegate.swift; sourceTree = "<group>"; };
		7CBCB13D23A14B8E00B2F484 /* GenresDataSourceImp.swift */ = {isa = PBXFileReference; lastKnownFileType = sourcecode.swift; path = GenresDataSourceImp.swift; sourceTree = "<group>"; };
		7CBCB14023A14D3C00B2F484 /* GenresDisplayManagerDelegate.swift */ = {isa = PBXFileReference; lastKnownFileType = sourcecode.swift; path = GenresDisplayManagerDelegate.swift; sourceTree = "<group>"; };
		7CBCB14223A14D6F00B2F484 /* GenresDisplayManagerImp.swift */ = {isa = PBXFileReference; lastKnownFileType = sourcecode.swift; path = GenresDisplayManagerImp.swift; sourceTree = "<group>"; };
		7CBCB14723A14F4600B2F484 /* GenreNameCollectionViewCell.swift */ = {isa = PBXFileReference; lastKnownFileType = sourcecode.swift; path = GenreNameCollectionViewCell.swift; sourceTree = "<group>"; };
		7CBCB14B23A1524F00B2F484 /* GenresUseCase.swift */ = {isa = PBXFileReference; lastKnownFileType = sourcecode.swift; path = GenresUseCase.swift; sourceTree = "<group>"; };
		7CBCB14D23A1528C00B2F484 /* GenresUseCaseImp.swift */ = {isa = PBXFileReference; lastKnownFileType = sourcecode.swift; path = GenresUseCaseImp.swift; sourceTree = "<group>"; };
		7CBCB14F23A22EE900B2F484 /* StringSize.swift */ = {isa = PBXFileReference; lastKnownFileType = sourcecode.swift; path = StringSize.swift; sourceTree = "<group>"; };
		7CD182DB23A37B7F00965E03 /* BasePageViewControllerHandler.swift */ = {isa = PBXFileReference; lastKnownFileType = sourcecode.swift; path = BasePageViewControllerHandler.swift; sourceTree = "<group>"; };
		7CD182DD23A37F4800965E03 /* BasePageViewControllerDelegate.swift */ = {isa = PBXFileReference; lastKnownFileType = sourcecode.swift; path = BasePageViewControllerDelegate.swift; sourceTree = "<group>"; };
		7CD182E423A39FCD00965E03 /* CastUseCase.swift */ = {isa = PBXFileReference; lastKnownFileType = sourcecode.swift; path = CastUseCase.swift; sourceTree = "<group>"; };
		7CD182E623A39FD600965E03 /* CastUseCaseImp.swift */ = {isa = PBXFileReference; lastKnownFileType = sourcecode.swift; path = CastUseCaseImp.swift; sourceTree = "<group>"; };
		7CD182E923A3A01A00965E03 /* Cast.swift */ = {isa = PBXFileReference; lastKnownFileType = sourcecode.swift; path = Cast.swift; sourceTree = "<group>"; };
		7CD182EB23A3A47D00965E03 /* DetailsUseCase.swift */ = {isa = PBXFileReference; lastKnownFileType = sourcecode.swift; path = DetailsUseCase.swift; sourceTree = "<group>"; };
		7CD182ED23A3A48700965E03 /* DetailsUseCaseImp.swift */ = {isa = PBXFileReference; lastKnownFileType = sourcecode.swift; path = DetailsUseCaseImp.swift; sourceTree = "<group>"; };
		7CD182EF23A3A4CA00965E03 /* Details.swift */ = {isa = PBXFileReference; lastKnownFileType = sourcecode.swift; path = Details.swift; sourceTree = "<group>"; };
		7CD182F123A3A64700965E03 /* ProductionCountry.swift */ = {isa = PBXFileReference; lastKnownFileType = sourcecode.swift; path = ProductionCountry.swift; sourceTree = "<group>"; };
		7CD182F323A3A8E800965E03 /* Review.swift */ = {isa = PBXFileReference; lastKnownFileType = sourcecode.swift; path = Review.swift; sourceTree = "<group>"; };
		7CD182F523A3A9D100965E03 /* ReviewUseCase.swift */ = {isa = PBXFileReference; lastKnownFileType = sourcecode.swift; path = ReviewUseCase.swift; sourceTree = "<group>"; };
		7CD182F723A3AA0400965E03 /* ReviewUseCaseImp.swift */ = {isa = PBXFileReference; lastKnownFileType = sourcecode.swift; path = ReviewUseCaseImp.swift; sourceTree = "<group>"; };
		7CD182F923A3AAD000965E03 /* GalleryUseCase.swift */ = {isa = PBXFileReference; lastKnownFileType = sourcecode.swift; path = GalleryUseCase.swift; sourceTree = "<group>"; };
		7CD182FB23A3AAFF00965E03 /* GalleryImage.swift */ = {isa = PBXFileReference; lastKnownFileType = sourcecode.swift; path = GalleryImage.swift; sourceTree = "<group>"; };
		7CD182FD23A3AB3800965E03 /* GalleryUseCaseImp.swift */ = {isa = PBXFileReference; lastKnownFileType = sourcecode.swift; path = GalleryUseCaseImp.swift; sourceTree = "<group>"; };
		7CD1830023A3BD4600965E03 /* RecommendationsUseCase.swift */ = {isa = PBXFileReference; lastKnownFileType = sourcecode.swift; path = RecommendationsUseCase.swift; sourceTree = "<group>"; };
		7CD1830223A3BDDE00965E03 /* RecommendationsUseCaseImp.swift */ = {isa = PBXFileReference; lastKnownFileType = sourcecode.swift; path = RecommendationsUseCaseImp.swift; sourceTree = "<group>"; };
		7CD1830523A3BEF700965E03 /* MovieDetailsNetworkingAssembly.swift */ = {isa = PBXFileReference; lastKnownFileType = sourcecode.swift; path = MovieDetailsNetworkingAssembly.swift; sourceTree = "<group>"; };
		82A27C1BAD86BE9397D87D74 /* Pods_movies_app.framework */ = {isa = PBXFileReference; explicitFileType = wrapper.framework; includeInIndex = 0; path = Pods_movies_app.framework; sourceTree = BUILT_PRODUCTS_DIR; };
		C4BA6A873535BE3A16E94CB1 /* Pods-movies-app-movies-appUITests.release.xcconfig */ = {isa = PBXFileReference; includeInIndex = 1; lastKnownFileType = text.xcconfig; name = "Pods-movies-app-movies-appUITests.release.xcconfig"; path = "Target Support Files/Pods-movies-app-movies-appUITests/Pods-movies-app-movies-appUITests.release.xcconfig"; sourceTree = "<group>"; };
		D082CB9291D81E7D66C671A2 /* Pods-movies-app.release.xcconfig */ = {isa = PBXFileReference; includeInIndex = 1; lastKnownFileType = text.xcconfig; name = "Pods-movies-app.release.xcconfig"; path = "Target Support Files/Pods-movies-app/Pods-movies-app.release.xcconfig"; sourceTree = "<group>"; };
/* End PBXFileReference section */

/* Begin PBXFrameworksBuildPhase section */
		7C0B68CA239A45E400501DF3 /* Frameworks */ = {
			isa = PBXFrameworksBuildPhase;
			buildActionMask = 2147483647;
			files = (
				D1D4A6FF8E61E02996613433 /* Pods_movies_app.framework in Frameworks */,
			);
			runOnlyForDeploymentPostprocessing = 0;
		};
		7C0B68E0239A45E500501DF3 /* Frameworks */ = {
			isa = PBXFrameworksBuildPhase;
			buildActionMask = 2147483647;
			files = (
				EA8D31D9AED5A71C233D0FAC /* Pods_movies_appTests.framework in Frameworks */,
			);
			runOnlyForDeploymentPostprocessing = 0;
		};
		7C0B68EB239A45E500501DF3 /* Frameworks */ = {
			isa = PBXFrameworksBuildPhase;
			buildActionMask = 2147483647;
			files = (
				C577AE138AA78C36E9964A3C /* Pods_movies_app_movies_appUITests.framework in Frameworks */,
			);
			runOnlyForDeploymentPostprocessing = 0;
		};
/* End PBXFrameworksBuildPhase section */

/* Begin PBXGroup section */
		35CF9B2ADA91EEF122417A1F /* Pods */ = {
			isa = PBXGroup;
			children = (
				535BF1DA553778726D4CFA19 /* Pods-movies-app.debug.xcconfig */,
				D082CB9291D81E7D66C671A2 /* Pods-movies-app.release.xcconfig */,
				4422200565BFA92F1B8D3D3E /* Pods-movies-app-movies-appUITests.debug.xcconfig */,
				C4BA6A873535BE3A16E94CB1 /* Pods-movies-app-movies-appUITests.release.xcconfig */,
				1DC9380017051A64EBFD2C93 /* Pods-movies-appTests.debug.xcconfig */,
				26D9119DDD2A2BDA8C87C4A8 /* Pods-movies-appTests.release.xcconfig */,
			);
			path = Pods;
			sourceTree = "<group>";
		};
		7AA8AE702E5044D38060D54A /* Frameworks */ = {
			isa = PBXGroup;
			children = (
				82A27C1BAD86BE9397D87D74 /* Pods_movies_app.framework */,
				10F1EDD3B40545A7EF51B21E /* Pods_movies_app_movies_appUITests.framework */,
				6C9BC7FC771ECBFF0CE9DB1D /* Pods_movies_appTests.framework */,
			);
			name = Frameworks;
			sourceTree = "<group>";
		};
		7C05D35323A0E49A00E4F34A /* Container */ = {
			isa = PBXGroup;
			children = (
				7C05D35A23A0EF5D00E4F34A /* Assembly */,
				7C05D35923A0EF5700E4F34A /* Presenter */,
				7C05D35823A0EF4E00E4F34A /* Router */,
				7C05D35723A0EF4700E4F34A /* View */,
			);
			path = Container;
			sourceTree = "<group>";
		};
		7C05D35423A0E4CA00E4F34A /* Modules */ = {
			isa = PBXGroup;
			children = (
				7C05D35523A0E4D900E4F34A /* MoviesCollection */,
			);
			path = Modules;
			sourceTree = "<group>";
		};
		7C05D35523A0E4D900E4F34A /* MoviesCollection */ = {
			isa = PBXGroup;
			children = (
				7C07F0B3239F87C600644ACA /* Assembly */,
				7C07F0B2239F87C000644ACA /* Presenter */,
				7C07F0B1239F87BA00644ACA /* Router */,
				7C07F0B0239F87B300644ACA /* View */,
			);
			path = MoviesCollection;
			sourceTree = "<group>";
		};
		7C05D35623A0E4EF00E4F34A /* Storyboards */ = {
			isa = PBXGroup;
			children = (
				7C07F0D7239FBDDF00644ACA /* MoviesList.storyboard */,
			);
			path = Storyboards;
			sourceTree = "<group>";
		};
		7C05D35723A0EF4700E4F34A /* View */ = {
			isa = PBXGroup;
			children = (
				7CBCB14423A14F2500B2F484 /* Cells */,
				7C05D35B23A0EF7700E4F34A /* MainContainerController.swift */,
				7C05D36923A1014300E4F34A /* PageController */,
			);
			path = View;
			sourceTree = "<group>";
		};
		7C05D35823A0EF4E00E4F34A /* Router */ = {
			isa = PBXGroup;
			children = (
				7C05D36323A0F47900E4F34A /* MoviesContainerRouter.swift */,
				7C05D36523A0F48500E4F34A /* MoviesContainerRouterImp.swift */,
			);
			path = Router;
			sourceTree = "<group>";
		};
		7C05D35923A0EF5700E4F34A /* Presenter */ = {
			isa = PBXGroup;
			children = (
				7C05D35F23A0F45800E4F34A /* GenresPresenter.swift */,
				7C05D36123A0F46200E4F34A /* GenresPresenterImp.swift */,
			);
			path = Presenter;
			sourceTree = "<group>";
		};
		7C05D35A23A0EF5D00E4F34A /* Assembly */ = {
			isa = PBXGroup;
			children = (
				7C05D35D23A0F3F500E4F34A /* MoviesContainerAssembly.swift */,
			);
			path = Assembly;
			sourceTree = "<group>";
		};
		7C05D36923A1014300E4F34A /* PageController */ = {
			isa = PBXGroup;
			children = (
				7CBCB13F23A14CEA00B2F484 /* DisplayManager */,
				7CBCB13623A14A9400B2F484 /* DataSource+Delegate */,
				7C05D36C23A101D000E4F34A /* MainPageViewControllerHandler.swift */,
				7C05D36E23A101E100E4F34A /* MainPageViewControllerDelegate.swift */,
				7C05D36A23A101B000E4F34A /* MainPageViewController.swift */,
			);
			path = PageController;
			sourceTree = "<group>";
		};
		7C05D37223A117A900E4F34A /* DataSource */ = {
			isa = PBXGroup;
			children = (
				7C05D37323A117C200E4F34A /* MoviesListDataSource.swift */,
				7C05D37523A117DA00E4F34A /* MoviesListDataSourceInput.swift */,
				7C05D37723A117E800E4F34A /* MoviesListDataSourceOutput.swift */,
				7C05D37923A117FD00E4F34A /* MoviesListDataSourceDelegate.swift */,
			);
			path = DataSource;
			sourceTree = "<group>";
		};
		7C05D37B23A11BDB00E4F34A /* Movies */ = {
			isa = PBXGroup;
			children = (
				7C07F0A5239E894400644ACA /* Movie.swift */,
				7C07F0A7239E8A8C00644ACA /* MoviesList.swift */,
				7C05D37C23A11BEE00E4F34A /* CategorizedMovie.swift */,
			);
			path = Movies;
			sourceTree = "<group>";
		};
		7C05D38023A1278500E4F34A /* DisplayManager */ = {
			isa = PBXGroup;
			children = (
				7C05D38123A127A600E4F34A /* MoviesListDisplayManagerDelegate.swift */,
				7C05D37E23A1277A00E4F34A /* MoviesListDisplayManager.swift */,
			);
			path = DisplayManager;
			sourceTree = "<group>";
		};
		7C06EE81239A5F510058F16F /* PresentationLayer */ = {
			isa = PBXGroup;
			children = (
				7C07F0C7239FA79300644ACA /* Common */,
				7C06EE8C239A61BD0058F16F /* UserStories */,
			);
			path = PresentationLayer;
			sourceTree = "<group>";
		};
		7C06EE82239A5F780058F16F /* Resources */ = {
			isa = PBXGroup;
			children = (
				7C4B7836239FD24500662543 /* Fonts */,
				7C0B68D9239A45E500501DF3 /* Assets.xcassets */,
				7C06EE84239A60B10058F16F /* Localizable.strings */,
			);
			path = Resources;
			sourceTree = "<group>";
		};
		7C06EE83239A5F930058F16F /* Generated */ = {
			isa = PBXGroup;
			children = (
				7C06EE88239A61300058F16F /* Assets.swift */,
				7C06EE87239A61300058F16F /* Storyboards.swift */,
				7C06EE86239A61300058F16F /* Strings.swift */,
			);
			path = Generated;
			sourceTree = "<group>";
		};
		7C06EE8C239A61BD0058F16F /* UserStories */ = {
			isa = PBXGroup;
			children = (
				7C07F0AB239F775300644ACA /* MoviesList */,
			);
			path = UserStories;
			sourceTree = "<group>";
		};
		7C06EE8D239A61CD0058F16F /* BusinessLogicLayer */ = {
			isa = PBXGroup;
			children = (
				7C07F0B4239F88CB00644ACA /* Assemblies */,
				7C07F09C239E77F100644ACA /* Gateways */,
				7C07F0A9239F773B00644ACA /* UseCases */,
			);
			path = BusinessLogicLayer;
			sourceTree = "<group>";
		};
		7C06EE8E239A61DB0058F16F /* CoreLayer */ = {
			isa = PBXGroup;
			children = (
				7C06EE91239A61F60058F16F /* Extensions */,
				7C07F0B8239F898F00644ACA /* Assemblies */,
				7C06EE9F239AB04C0058F16F /* Networking */,
				7C06EE96239AA4FC0058F16F /* Protocols */,
				7C06EE95239AA4EE0058F16F /* BaseClasses */,
			);
			path = CoreLayer;
			sourceTree = "<group>";
		};
		7C06EE8F239A61E40058F16F /* ApplicationLayer */ = {
			isa = PBXGroup;
			children = (
				7C0B68D0239A45E400501DF3 /* AppDelegate.swift */,
				7C0B68D2239A45E400501DF3 /* SceneDelegate.swift */,
				7C0B68DE239A45E500501DF3 /* Info.plist */,
				7C0B68DB239A45E500501DF3 /* LaunchScreen.storyboard */,
			);
			path = ApplicationLayer;
			sourceTree = "<group>";
		};
		7C06EE90239A61EF0058F16F /* Entities */ = {
			isa = PBXGroup;
			children = (
				7CD182E823A3A01000965E03 /* MovieDetails */,
				7C05D37B23A11BDB00E4F34A /* Movies */,
				7C07F0A3239E88DF00644ACA /* Errors */,
				7C05D37023A102D600E4F34A /* Genre.swift */,
			);
			path = Entities;
			sourceTree = "<group>";
		};
		7C06EE91239A61F60058F16F /* Extensions */ = {
			isa = PBXGroup;
			children = (
				7C05D35123A0C96600E4F34A /* LoadImageFromURL.swift */,
				7CBCB14F23A22EE900B2F484 /* StringSize.swift */,
			);
			path = Extensions;
			sourceTree = "<group>";
		};
		7C06EE95239AA4EE0058F16F /* BaseClasses */ = {
			isa = PBXGroup;
			children = (
				7C06EE9D239AA9E00058F16F /* BaseViewController.swift */,
				7C05D36723A1009300E4F34A /* BasePageViewController.swift */,
			);
			path = BaseClasses;
			sourceTree = "<group>";
		};
		7C06EE96239AA4FC0058F16F /* Protocols */ = {
			isa = PBXGroup;
			children = (
				7CD182DB23A37B7F00965E03 /* BasePageViewControllerHandler.swift */,
				7C06EE97239AA50E0058F16F /* BaseHandlerController.swift */,
				7C06EE99239AA5890058F16F /* ModuleInput + ModuleInputProvider.swift */,
				7C06EE9B239AA5D10058F16F /* BaseRoutingProtocol.swift */,
				7CD182DD23A37F4800965E03 /* BasePageViewControllerDelegate.swift */,
			);
			path = Protocols;
			sourceTree = "<group>";
		};
		7C06EE9F239AB04C0058F16F /* Networking */ = {
			isa = PBXGroup;
			children = (
				7C06EEA0239AB0690058F16F /* Networking.swift */,
				7C06EEA2239AB18F0058F16F /* NetworkingImp.swift */,
				7C07F098239E71EF00644ACA /* ResponseSerializer.swift */,
				7C07F0A1239E792500644ACA /* RequestMethod.swift */,
			);
			path = Networking;
			sourceTree = "<group>";
		};
		7C07F09C239E77F100644ACA /* Gateways */ = {
			isa = PBXGroup;
			children = (
				7C07F09D239E780200644ACA /* RequestGateway.swift */,
				7C07F09F239E780D00644ACA /* RequestGatewayImp.swift */,
			);
			path = Gateways;
			sourceTree = "<group>";
		};
		7C07F0A3239E88DF00644ACA /* Errors */ = {
			isa = PBXGroup;
			children = (
				7C07F09A239E737900644ACA /* NetworkingError.swift */,
			);
			path = Errors;
			sourceTree = "<group>";
		};
		7C07F0A9239F773B00644ACA /* UseCases */ = {
			isa = PBXGroup;
			children = (
				7CD182DF23A39F4C00965E03 /* MovieDetails */,
				7C07F0AA239F774500644ACA /* MoviesList */,
			);
			path = UseCases;
			sourceTree = "<group>";
		};
		7C07F0AA239F774500644ACA /* MoviesList */ = {
			isa = PBXGroup;
			children = (
				7CBCB14A23A1523C00B2F484 /* Genres */,
				7CBCB14923A1522E00B2F484 /* Movies */,
			);
			path = MoviesList;
			sourceTree = "<group>";
		};
		7C07F0AB239F775300644ACA /* MoviesList */ = {
			isa = PBXGroup;
			children = (
				7C05D35323A0E49A00E4F34A /* Container */,
				7C05D35423A0E4CA00E4F34A /* Modules */,
				7C05D35623A0E4EF00E4F34A /* Storyboards */,
			);
			path = MoviesList;
			sourceTree = "<group>";
		};
		7C07F0B0239F87B300644ACA /* View */ = {
			isa = PBXGroup;
			children = (
				7C05D38023A1278500E4F34A /* DisplayManager */,
				7C05D37223A117A900E4F34A /* DataSource */,
				7C07F0C5239F91C200644ACA /* MoviesListViewController.swift */,
			);
			path = View;
			sourceTree = "<group>";
		};
		7C07F0B1239F87BA00644ACA /* Router */ = {
			isa = PBXGroup;
			children = (
				7C07F0C1239F903500644ACA /* MoviesListRouter.swift */,
				7C07F0C3239F905100644ACA /* MoviesListRouterImp.swift */,
			);
			path = Router;
			sourceTree = "<group>";
		};
		7C07F0B2239F87C000644ACA /* Presenter */ = {
			isa = PBXGroup;
			children = (
				7C07F0BD239F8D9700644ACA /* MoviesListPresenter.swift */,
				7C07F0BF239F8DA300644ACA /* MoviesListPresenterImp.swift */,
			);
			path = Presenter;
			sourceTree = "<group>";
		};
		7C07F0B3239F87C600644ACA /* Assembly */ = {
			isa = PBXGroup;
			children = (
				7C07F0BB239F8CD800644ACA /* MoviesListAssembly.swift */,
			);
			path = Assembly;
			sourceTree = "<group>";
		};
		7C07F0B4239F88CB00644ACA /* Assemblies */ = {
			isa = PBXGroup;
			children = (
				7CD1830423A3BEDC00965E03 /* MovieDetails */,
				7C07F0B5239F88EE00644ACA /* Movies */,
			);
			path = Assemblies;
			sourceTree = "<group>";
		};
		7C07F0B5239F88EE00644ACA /* Movies */ = {
			isa = PBXGroup;
			children = (
				7C07F0B6239F890600644ACA /* MoviesListNetworkingAssembly.swift */,
			);
			path = Movies;
			sourceTree = "<group>";
		};
		7C07F0B8239F898F00644ACA /* Assemblies */ = {
			isa = PBXGroup;
			children = (
				7C07F0B9239F899D00644ACA /* NetworkingAssembly.swift */,
			);
			path = Assemblies;
			sourceTree = "<group>";
		};
		7C07F0C7239FA79300644ACA /* Common */ = {
			isa = PBXGroup;
			children = (
				7C07F0C8239FA7A500644ACA /* MovieCollectionViewCell */,
			);
			path = Common;
			sourceTree = "<group>";
		};
		7C07F0C8239FA7A500644ACA /* MovieCollectionViewCell */ = {
			isa = PBXGroup;
			children = (
				7C07F0CB239FA7E600644ACA /* MovieCollectionViewCell.swift */,
				7C07F0CC239FA7E600644ACA /* MovieCollectionViewCell.xib */,
			);
			path = MovieCollectionViewCell;
			sourceTree = "<group>";
		};
		7C07F0D4239FB12A00644ACA /* Constants */ = {
			isa = PBXGroup;
			children = (
				7C07F0CF239FAA7800644ACA /* Colors.swift */,
				7C07F0D1239FAA8100644ACA /* Fonts.swift */,
			);
			path = Constants;
			sourceTree = "<group>";
		};
		7C0B68C4239A45E300501DF3 = {
			isa = PBXGroup;
			children = (
				7C4B7834239FD1F100662543 /* seguisb.ttf */,
				7C4B7832239FD1EC00662543 /* Segoe UI, Regular.ttf */,
				7C0B68CF239A45E400501DF3 /* movies-app */,
				7C0B68E6239A45E500501DF3 /* movies-appTests */,
				7C0B68F1239A45E500501DF3 /* movies-appUITests */,
				7C0B68CE239A45E400501DF3 /* Products */,
				35CF9B2ADA91EEF122417A1F /* Pods */,
				7AA8AE702E5044D38060D54A /* Frameworks */,
			);
			sourceTree = "<group>";
		};
		7C0B68CE239A45E400501DF3 /* Products */ = {
			isa = PBXGroup;
			children = (
				7C0B68CD239A45E400501DF3 /* Movies App.app */,
				7C0B68E3239A45E500501DF3 /* movies-appTests.xctest */,
				7C0B68EE239A45E500501DF3 /* movies-appUITests.xctest */,
			);
			name = Products;
			sourceTree = "<group>";
		};
		7C0B68CF239A45E400501DF3 /* movies-app */ = {
			isa = PBXGroup;
			children = (
				7C06EE90239A61EF0058F16F /* Entities */,
				7C06EE8F239A61E40058F16F /* ApplicationLayer */,
				7C06EE8E239A61DB0058F16F /* CoreLayer */,
				7C06EE8D239A61CD0058F16F /* BusinessLogicLayer */,
				7C06EE81239A5F510058F16F /* PresentationLayer */,
				7C06EE82239A5F780058F16F /* Resources */,
				7C07F0D4239FB12A00644ACA /* Constants */,
				7C06EE83239A5F930058F16F /* Generated */,
			);
			path = "movies-app";
			sourceTree = "<group>";
		};
		7C0B68E6239A45E500501DF3 /* movies-appTests */ = {
			isa = PBXGroup;
			children = (
				7C0B68E7239A45E500501DF3 /* movies_appTests.swift */,
				7C0B68E9239A45E500501DF3 /* Info.plist */,
			);
			path = "movies-appTests";
			sourceTree = "<group>";
		};
		7C0B68F1239A45E500501DF3 /* movies-appUITests */ = {
			isa = PBXGroup;
			children = (
				7C0B68F2239A45E500501DF3 /* movies_appUITests.swift */,
				7C0B68F4239A45E500501DF3 /* Info.plist */,
			);
			path = "movies-appUITests";
			sourceTree = "<group>";
		};
		7C4B7836239FD24500662543 /* Fonts */ = {
			isa = PBXGroup;
			children = (
				7C4B7837239FD25400662543 /* Segoe UI, Regular.ttf */,
				7C4B7838239FD25400662543 /* seguisb.ttf */,
			);
			path = Fonts;
			sourceTree = "<group>";
		};
		7CBCB13623A14A9400B2F484 /* DataSource+Delegate */ = {
			isa = PBXGroup;
			children = (
				7CBCB13723A14AC200B2F484 /* GenresDataSourceInput.swift */,
				7CBCB13923A14B0000B2F484 /* GenresDataSourceOutput.swift */,
				7CBCB13B23A14B5100B2F484 /* GenresDelegate.swift */,
				7CBCB13D23A14B8E00B2F484 /* GenresDataSourceImp.swift */,
			);
			path = "DataSource+Delegate";
			sourceTree = "<group>";
		};
		7CBCB13F23A14CEA00B2F484 /* DisplayManager */ = {
			isa = PBXGroup;
			children = (
				7CBCB14023A14D3C00B2F484 /* GenresDisplayManagerDelegate.swift */,
				7CBCB14223A14D6F00B2F484 /* GenresDisplayManagerImp.swift */,
			);
			path = DisplayManager;
			sourceTree = "<group>";
		};
		7CBCB14423A14F2500B2F484 /* Cells */ = {
			isa = PBXGroup;
			children = (
				7CBCB14723A14F4600B2F484 /* GenreNameCollectionViewCell.swift */,
			);
			path = Cells;
			sourceTree = "<group>";
		};
		7CBCB14923A1522E00B2F484 /* Movies */ = {
			isa = PBXGroup;
			children = (
				7C07F0AC239F778B00644ACA /* MoviesListUseCase.swift */,
				7C07F0AE239F779800644ACA /* MoviesListUseCaseImp.swift */,
			);
			path = Movies;
			sourceTree = "<group>";
		};
		7CBCB14A23A1523C00B2F484 /* Genres */ = {
			isa = PBXGroup;
			children = (
				7CBCB14B23A1524F00B2F484 /* GenresUseCase.swift */,
				7CBCB14D23A1528C00B2F484 /* GenresUseCaseImp.swift */,
			);
			path = Genres;
			sourceTree = "<group>";
		};
		7CD182DF23A39F4C00965E03 /* MovieDetails */ = {
			isa = PBXGroup;
			children = (
				7CD182FF23A3BD3400965E03 /* Recommendations */,
				7CD182E323A39F8B00965E03 /* Gallery */,
				7CD182E223A39F8500965E03 /* Review */,
				7CD182E123A39F7D00965E03 /* Details */,
				7CD182E023A39F7500965E03 /* Cast */,
			);
			path = MovieDetails;
			sourceTree = "<group>";
		};
		7CD182E023A39F7500965E03 /* Cast */ = {
			isa = PBXGroup;
			children = (
				7CD182E423A39FCD00965E03 /* CastUseCase.swift */,
				7CD182E623A39FD600965E03 /* CastUseCaseImp.swift */,
			);
			path = Cast;
			sourceTree = "<group>";
		};
		7CD182E123A39F7D00965E03 /* Details */ = {
			isa = PBXGroup;
			children = (
				7CD182EB23A3A47D00965E03 /* DetailsUseCase.swift */,
				7CD182ED23A3A48700965E03 /* DetailsUseCaseImp.swift */,
			);
			path = Details;
			sourceTree = "<group>";
		};
		7CD182E223A39F8500965E03 /* Review */ = {
			isa = PBXGroup;
			children = (
				7CD182F523A3A9D100965E03 /* ReviewUseCase.swift */,
				7CD182F723A3AA0400965E03 /* ReviewUseCaseImp.swift */,
			);
			path = Review;
			sourceTree = "<group>";
		};
		7CD182E323A39F8B00965E03 /* Gallery */ = {
			isa = PBXGroup;
			children = (
				7CD182F923A3AAD000965E03 /* GalleryUseCase.swift */,
				7CD182FD23A3AB3800965E03 /* GalleryUseCaseImp.swift */,
			);
			path = Gallery;
			sourceTree = "<group>";
		};
		7CD182E823A3A01000965E03 /* MovieDetails */ = {
			isa = PBXGroup;
			children = (
				7CD182E923A3A01A00965E03 /* Cast.swift */,
				7CD182EF23A3A4CA00965E03 /* Details.swift */,
				7CD182F123A3A64700965E03 /* ProductionCountry.swift */,
				7CD182F323A3A8E800965E03 /* Review.swift */,
				7CD182FB23A3AAFF00965E03 /* GalleryImage.swift */,
			);
			path = MovieDetails;
			sourceTree = "<group>";
		};
		7CD182FF23A3BD3400965E03 /* Recommendations */ = {
			isa = PBXGroup;
			children = (
				7CD1830023A3BD4600965E03 /* RecommendationsUseCase.swift */,
				7CD1830223A3BDDE00965E03 /* RecommendationsUseCaseImp.swift */,
			);
			path = Recommendations;
			sourceTree = "<group>";
		};
		7CD1830423A3BEDC00965E03 /* MovieDetails */ = {
			isa = PBXGroup;
			children = (
				7CD1830523A3BEF700965E03 /* MovieDetailsNetworkingAssembly.swift */,
			);
			path = MovieDetails;
			sourceTree = "<group>";
		};
/* End PBXGroup section */

/* Begin PBXNativeTarget section */
		7C0B68CC239A45E400501DF3 /* movies-app */ = {
			isa = PBXNativeTarget;
			buildConfigurationList = 7C0B68F7239A45E500501DF3 /* Build configuration list for PBXNativeTarget "movies-app" */;
			buildPhases = (
				156FB7717608074DAC5D54D1 /* [CP] Check Pods Manifest.lock */,
				7C0B68C9239A45E400501DF3 /* Sources */,
				7C0B68CA239A45E400501DF3 /* Frameworks */,
				7C0B68CB239A45E400501DF3 /* Resources */,
				7C06EE80239A5F1D0058F16F /* SwiftGen */,
				7C06EE92239A80160058F16F /* SwiftLint */,
				1647896A35799661BD8878EB /* [CP] Embed Pods Frameworks */,
			);
			buildRules = (
			);
			dependencies = (
			);
			name = "movies-app";
			productName = "movies-app";
			productReference = 7C0B68CD239A45E400501DF3 /* Movies App.app */;
			productType = "com.apple.product-type.application";
		};
		7C0B68E2239A45E500501DF3 /* movies-appTests */ = {
			isa = PBXNativeTarget;
			buildConfigurationList = 7C0B68FA239A45E500501DF3 /* Build configuration list for PBXNativeTarget "movies-appTests" */;
			buildPhases = (
				2FA02C41E0FD864103B308D3 /* [CP] Check Pods Manifest.lock */,
				7C0B68DF239A45E500501DF3 /* Sources */,
				7C0B68E0239A45E500501DF3 /* Frameworks */,
				7C0B68E1239A45E500501DF3 /* Resources */,
			);
			buildRules = (
			);
			dependencies = (
				7C0B68E5239A45E500501DF3 /* PBXTargetDependency */,
			);
			name = "movies-appTests";
			productName = "movies-appTests";
			productReference = 7C0B68E3239A45E500501DF3 /* movies-appTests.xctest */;
			productType = "com.apple.product-type.bundle.unit-test";
		};
		7C0B68ED239A45E500501DF3 /* movies-appUITests */ = {
			isa = PBXNativeTarget;
			buildConfigurationList = 7C0B68FD239A45E500501DF3 /* Build configuration list for PBXNativeTarget "movies-appUITests" */;
			buildPhases = (
				872C173A97A4C1739F2CCD1A /* [CP] Check Pods Manifest.lock */,
				7C0B68EA239A45E500501DF3 /* Sources */,
				7C0B68EB239A45E500501DF3 /* Frameworks */,
				7C0B68EC239A45E500501DF3 /* Resources */,
				FE930324E79EB607236FCE7A /* [CP] Embed Pods Frameworks */,
			);
			buildRules = (
			);
			dependencies = (
				7C0B68F0239A45E500501DF3 /* PBXTargetDependency */,
			);
			name = "movies-appUITests";
			productName = "movies-appUITests";
			productReference = 7C0B68EE239A45E500501DF3 /* movies-appUITests.xctest */;
			productType = "com.apple.product-type.bundle.ui-testing";
		};
/* End PBXNativeTarget section */

/* Begin PBXProject section */
		7C0B68C5239A45E300501DF3 /* Project object */ = {
			isa = PBXProject;
			attributes = {
				LastSwiftUpdateCheck = 1120;
				LastUpgradeCheck = 1120;
				ORGANIZATIONNAME = "David Petrosyan";
				TargetAttributes = {
					7C0B68CC239A45E400501DF3 = {
						CreatedOnToolsVersion = 11.2.1;
					};
					7C0B68E2239A45E500501DF3 = {
						CreatedOnToolsVersion = 11.2.1;
						TestTargetID = 7C0B68CC239A45E400501DF3;
					};
					7C0B68ED239A45E500501DF3 = {
						CreatedOnToolsVersion = 11.2.1;
						TestTargetID = 7C0B68CC239A45E400501DF3;
					};
				};
			};
			buildConfigurationList = 7C0B68C8239A45E300501DF3 /* Build configuration list for PBXProject "movies-app" */;
			compatibilityVersion = "Xcode 9.3";
			developmentRegion = en;
			hasScannedForEncodings = 0;
			knownRegions = (
				en,
				Base,
			);
			mainGroup = 7C0B68C4239A45E300501DF3;
			productRefGroup = 7C0B68CE239A45E400501DF3 /* Products */;
			projectDirPath = "";
			projectRoot = "";
			targets = (
				7C0B68CC239A45E400501DF3 /* movies-app */,
				7C0B68E2239A45E500501DF3 /* movies-appTests */,
				7C0B68ED239A45E500501DF3 /* movies-appUITests */,
			);
		};
/* End PBXProject section */

/* Begin PBXResourcesBuildPhase section */
		7C0B68CB239A45E400501DF3 /* Resources */ = {
			isa = PBXResourcesBuildPhase;
			buildActionMask = 2147483647;
			files = (
				7C07F0CE239FA7E600644ACA /* MovieCollectionViewCell.xib in Resources */,
				7C4B783A239FD25400662543 /* seguisb.ttf in Resources */,
				7C0B68DD239A45E500501DF3 /* LaunchScreen.storyboard in Resources */,
				7C4B7839239FD25400662543 /* Segoe UI, Regular.ttf in Resources */,
				7C06EE85239A60B10058F16F /* Localizable.strings in Resources */,
				7C07F0D9239FC6C100644ACA /* MoviesList.storyboard in Resources */,
				7C0B68DA239A45E500501DF3 /* Assets.xcassets in Resources */,
			);
			runOnlyForDeploymentPostprocessing = 0;
		};
		7C0B68E1239A45E500501DF3 /* Resources */ = {
			isa = PBXResourcesBuildPhase;
			buildActionMask = 2147483647;
			files = (
			);
			runOnlyForDeploymentPostprocessing = 0;
		};
		7C0B68EC239A45E500501DF3 /* Resources */ = {
			isa = PBXResourcesBuildPhase;
			buildActionMask = 2147483647;
			files = (
			);
			runOnlyForDeploymentPostprocessing = 0;
		};
/* End PBXResourcesBuildPhase section */

/* Begin PBXShellScriptBuildPhase section */
		156FB7717608074DAC5D54D1 /* [CP] Check Pods Manifest.lock */ = {
			isa = PBXShellScriptBuildPhase;
			buildActionMask = 2147483647;
			files = (
			);
			inputFileListPaths = (
			);
			inputPaths = (
				"${PODS_PODFILE_DIR_PATH}/Podfile.lock",
				"${PODS_ROOT}/Manifest.lock",
			);
			name = "[CP] Check Pods Manifest.lock";
			outputFileListPaths = (
			);
			outputPaths = (
				"$(DERIVED_FILE_DIR)/Pods-movies-app-checkManifestLockResult.txt",
			);
			runOnlyForDeploymentPostprocessing = 0;
			shellPath = /bin/sh;
			shellScript = "diff \"${PODS_PODFILE_DIR_PATH}/Podfile.lock\" \"${PODS_ROOT}/Manifest.lock\" > /dev/null\nif [ $? != 0 ] ; then\n    # print error to STDERR\n    echo \"error: The sandbox is not in sync with the Podfile.lock. Run 'pod install' or update your CocoaPods installation.\" >&2\n    exit 1\nfi\n# This output is used by Xcode 'outputs' to avoid re-running this script phase.\necho \"SUCCESS\" > \"${SCRIPT_OUTPUT_FILE_0}\"\n";
			showEnvVarsInLog = 0;
		};
		1647896A35799661BD8878EB /* [CP] Embed Pods Frameworks */ = {
			isa = PBXShellScriptBuildPhase;
			buildActionMask = 2147483647;
			files = (
			);
			inputFileListPaths = (
				"${PODS_ROOT}/Target Support Files/Pods-movies-app/Pods-movies-app-frameworks-${CONFIGURATION}-input-files.xcfilelist",
			);
			name = "[CP] Embed Pods Frameworks";
			outputFileListPaths = (
				"${PODS_ROOT}/Target Support Files/Pods-movies-app/Pods-movies-app-frameworks-${CONFIGURATION}-output-files.xcfilelist",
			);
			runOnlyForDeploymentPostprocessing = 0;
			shellPath = /bin/sh;
			shellScript = "\"${PODS_ROOT}/Target Support Files/Pods-movies-app/Pods-movies-app-frameworks.sh\"\n";
			showEnvVarsInLog = 0;
		};
		2FA02C41E0FD864103B308D3 /* [CP] Check Pods Manifest.lock */ = {
			isa = PBXShellScriptBuildPhase;
			buildActionMask = 2147483647;
			files = (
			);
			inputFileListPaths = (
			);
			inputPaths = (
				"${PODS_PODFILE_DIR_PATH}/Podfile.lock",
				"${PODS_ROOT}/Manifest.lock",
			);
			name = "[CP] Check Pods Manifest.lock";
			outputFileListPaths = (
			);
			outputPaths = (
				"$(DERIVED_FILE_DIR)/Pods-movies-appTests-checkManifestLockResult.txt",
			);
			runOnlyForDeploymentPostprocessing = 0;
			shellPath = /bin/sh;
			shellScript = "diff \"${PODS_PODFILE_DIR_PATH}/Podfile.lock\" \"${PODS_ROOT}/Manifest.lock\" > /dev/null\nif [ $? != 0 ] ; then\n    # print error to STDERR\n    echo \"error: The sandbox is not in sync with the Podfile.lock. Run 'pod install' or update your CocoaPods installation.\" >&2\n    exit 1\nfi\n# This output is used by Xcode 'outputs' to avoid re-running this script phase.\necho \"SUCCESS\" > \"${SCRIPT_OUTPUT_FILE_0}\"\n";
			showEnvVarsInLog = 0;
		};
		7C06EE80239A5F1D0058F16F /* SwiftGen */ = {
			isa = PBXShellScriptBuildPhase;
			buildActionMask = 2147483647;
			files = (
			);
			inputFileListPaths = (
			);
			inputPaths = (
			);
			name = SwiftGen;
			outputFileListPaths = (
			);
			outputPaths = (
			);
			runOnlyForDeploymentPostprocessing = 0;
			shellPath = /bin/sh;
			shellScript = "\"$PODS_ROOT/SwiftGen/bin/swiftgen\"\n";
		};
		7C06EE92239A80160058F16F /* SwiftLint */ = {
			isa = PBXShellScriptBuildPhase;
			buildActionMask = 2147483647;
			files = (
			);
			inputFileListPaths = (
			);
			inputPaths = (
			);
			name = SwiftLint;
			outputFileListPaths = (
			);
			outputPaths = (
			);
			runOnlyForDeploymentPostprocessing = 0;
			shellPath = /bin/sh;
			shellScript = "\"${PODS_ROOT}/SwiftLint/swiftlint\"\n";
		};
		872C173A97A4C1739F2CCD1A /* [CP] Check Pods Manifest.lock */ = {
			isa = PBXShellScriptBuildPhase;
			buildActionMask = 2147483647;
			files = (
			);
			inputFileListPaths = (
			);
			inputPaths = (
				"${PODS_PODFILE_DIR_PATH}/Podfile.lock",
				"${PODS_ROOT}/Manifest.lock",
			);
			name = "[CP] Check Pods Manifest.lock";
			outputFileListPaths = (
			);
			outputPaths = (
				"$(DERIVED_FILE_DIR)/Pods-movies-app-movies-appUITests-checkManifestLockResult.txt",
			);
			runOnlyForDeploymentPostprocessing = 0;
			shellPath = /bin/sh;
			shellScript = "diff \"${PODS_PODFILE_DIR_PATH}/Podfile.lock\" \"${PODS_ROOT}/Manifest.lock\" > /dev/null\nif [ $? != 0 ] ; then\n    # print error to STDERR\n    echo \"error: The sandbox is not in sync with the Podfile.lock. Run 'pod install' or update your CocoaPods installation.\" >&2\n    exit 1\nfi\n# This output is used by Xcode 'outputs' to avoid re-running this script phase.\necho \"SUCCESS\" > \"${SCRIPT_OUTPUT_FILE_0}\"\n";
			showEnvVarsInLog = 0;
		};
		FE930324E79EB607236FCE7A /* [CP] Embed Pods Frameworks */ = {
			isa = PBXShellScriptBuildPhase;
			buildActionMask = 2147483647;
			files = (
			);
			inputFileListPaths = (
				"${PODS_ROOT}/Target Support Files/Pods-movies-app-movies-appUITests/Pods-movies-app-movies-appUITests-frameworks-${CONFIGURATION}-input-files.xcfilelist",
			);
			name = "[CP] Embed Pods Frameworks";
			outputFileListPaths = (
				"${PODS_ROOT}/Target Support Files/Pods-movies-app-movies-appUITests/Pods-movies-app-movies-appUITests-frameworks-${CONFIGURATION}-output-files.xcfilelist",
			);
			runOnlyForDeploymentPostprocessing = 0;
			shellPath = /bin/sh;
			shellScript = "\"${PODS_ROOT}/Target Support Files/Pods-movies-app-movies-appUITests/Pods-movies-app-movies-appUITests-frameworks.sh\"\n";
			showEnvVarsInLog = 0;
		};
/* End PBXShellScriptBuildPhase section */

/* Begin PBXSourcesBuildPhase section */
		7C0B68C9239A45E400501DF3 /* Sources */ = {
			isa = PBXSourcesBuildPhase;
			buildActionMask = 2147483647;
			files = (
				7CD182EE23A3A48700965E03 /* DetailsUseCaseImp.swift in Sources */,
				7CD182FE23A3AB3800965E03 /* GalleryUseCaseImp.swift in Sources */,
				7C05D36B23A101B100E4F34A /* MainPageViewController.swift in Sources */,
				7C05D36F23A101E100E4F34A /* MainPageViewControllerDelegate.swift in Sources */,
				7C07F0B7239F890600644ACA /* MoviesListNetworkingAssembly.swift in Sources */,
				7C06EEA3239AB18F0058F16F /* NetworkingImp.swift in Sources */,
				7C07F0BC239F8CD800644ACA /* MoviesListAssembly.swift in Sources */,
				7CBCB13E23A14B8E00B2F484 /* GenresDataSourceImp.swift in Sources */,
				7C06EE98239AA50E0058F16F /* BaseHandlerController.swift in Sources */,
				7C07F0AD239F778B00644ACA /* MoviesListUseCase.swift in Sources */,
				7CD182DC23A37B7F00965E03 /* BasePageViewControllerHandler.swift in Sources */,
				7CD182F823A3AA0400965E03 /* ReviewUseCaseImp.swift in Sources */,
				7CD182E723A39FD600965E03 /* CastUseCaseImp.swift in Sources */,
				7CD1830623A3BEF700965E03 /* MovieDetailsNetworkingAssembly.swift in Sources */,
				7C07F0D0239FAA7800644ACA /* Colors.swift in Sources */,
				7C07F0A6239E894400644ACA /* Movie.swift in Sources */,
				7C07F09E239E780200644ACA /* RequestGateway.swift in Sources */,
				7C07F0A0239E780D00644ACA /* RequestGatewayImp.swift in Sources */,
				7C05D36423A0F47900E4F34A /* MoviesContainerRouter.swift in Sources */,
				7C05D37A23A117FD00E4F34A /* MoviesListDataSourceDelegate.swift in Sources */,
				7C07F0BA239F899D00644ACA /* NetworkingAssembly.swift in Sources */,
				7CD182EA23A3A01A00965E03 /* Cast.swift in Sources */,
				7CD182EC23A3A47D00965E03 /* DetailsUseCase.swift in Sources */,
				7C06EEA1239AB0690058F16F /* Networking.swift in Sources */,
				7C06EE9C239AA5D10058F16F /* BaseRoutingProtocol.swift in Sources */,
				7CBCB15023A22EE900B2F484 /* StringSize.swift in Sources */,
				7CD182DE23A37F4800965E03 /* BasePageViewControllerDelegate.swift in Sources */,
				7C05D35C23A0EF7700E4F34A /* MainContainerController.swift in Sources */,
				7CD182F223A3A64700965E03 /* ProductionCountry.swift in Sources */,
				7CBCB14323A14D6F00B2F484 /* GenresDisplayManagerImp.swift in Sources */,
				7CD1830323A3BDDE00965E03 /* RecommendationsUseCaseImp.swift in Sources */,
				7C07F0A2239E792500644ACA /* RequestMethod.swift in Sources */,
				7CD182F623A3A9D100965E03 /* ReviewUseCase.swift in Sources */,
				7C05D37D23A11BEE00E4F34A /* CategorizedMovie.swift in Sources */,
				7C07F0C6239F91C200644ACA /* MoviesListViewController.swift in Sources */,
				7C07F0AF239F779800644ACA /* MoviesListUseCaseImp.swift in Sources */,
				7CD182F023A3A4CA00965E03 /* Details.swift in Sources */,
				7CBCB14C23A1524F00B2F484 /* GenresUseCase.swift in Sources */,
				7CD182E523A39FCD00965E03 /* CastUseCase.swift in Sources */,
				7C07F0D2239FAA8100644ACA /* Fonts.swift in Sources */,
				7C05D36223A0F46200E4F34A /* GenresPresenterImp.swift in Sources */,
				7C05D36D23A101D000E4F34A /* MainPageViewControllerHandler.swift in Sources */,
				7C07F0C4239F905100644ACA /* MoviesListRouterImp.swift in Sources */,
				7C05D37423A117C200E4F34A /* MoviesListDataSource.swift in Sources */,
				7C07F0C0239F8DA300644ACA /* MoviesListPresenterImp.swift in Sources */,
				7C06EE8A239A61300058F16F /* Storyboards.swift in Sources */,
				7C06EE8B239A61300058F16F /* Assets.swift in Sources */,
				7C06EE9E239AA9E00058F16F /* BaseViewController.swift in Sources */,
				7C07F0BE239F8D9700644ACA /* MoviesListPresenter.swift in Sources */,
				7CBCB14123A14D3C00B2F484 /* GenresDisplayManagerDelegate.swift in Sources */,
				7C06EE9A239AA5890058F16F /* ModuleInput + ModuleInputProvider.swift in Sources */,
				7C05D37823A117E800E4F34A /* MoviesListDataSourceOutput.swift in Sources */,
				7C05D36823A1009300E4F34A /* BasePageViewController.swift in Sources */,
				7CD182FA23A3AAD000965E03 /* GalleryUseCase.swift in Sources */,
				7C05D38223A127A600E4F34A /* MoviesListDisplayManagerDelegate.swift in Sources */,
				7CBCB14E23A1528C00B2F484 /* GenresUseCaseImp.swift in Sources */,
				7CBCB13A23A14B0000B2F484 /* GenresDataSourceOutput.swift in Sources */,
				7CBCB13823A14AC200B2F484 /* GenresDataSourceInput.swift in Sources */,
				7CD1830123A3BD4600965E03 /* RecommendationsUseCase.swift in Sources */,
				7C05D37623A117DA00E4F34A /* MoviesListDataSourceInput.swift in Sources */,
				7C07F099239E71EF00644ACA /* ResponseSerializer.swift in Sources */,
				7C07F09B239E737900644ACA /* NetworkingError.swift in Sources */,
				7C07F0A8239E8A8C00644ACA /* MoviesList.swift in Sources */,
				7CBCB13C23A14B5100B2F484 /* GenresDelegate.swift in Sources */,
				7C07F0C2239F903500644ACA /* MoviesListRouter.swift in Sources */,
				7C05D36023A0F45800E4F34A /* GenresPresenter.swift in Sources */,
				7C05D37F23A1277A00E4F34A /* MoviesListDisplayManager.swift in Sources */,
				7C05D35223A0C96600E4F34A /* LoadImageFromURL.swift in Sources */,
				7C0B68D1239A45E400501DF3 /* AppDelegate.swift in Sources */,
				7C07F0CD239FA7E600644ACA /* MovieCollectionViewCell.swift in Sources */,
				7CD182FC23A3AAFF00965E03 /* GalleryImage.swift in Sources */,
				7C06EE89239A61300058F16F /* Strings.swift in Sources */,
				7C05D37123A102D600E4F34A /* Genre.swift in Sources */,
				7CD182F423A3A8E800965E03 /* Review.swift in Sources */,
				7C05D35E23A0F3F500E4F34A /* MoviesContainerAssembly.swift in Sources */,
				7C05D36623A0F48500E4F34A /* MoviesContainerRouterImp.swift in Sources */,
				7C0B68D3239A45E400501DF3 /* SceneDelegate.swift in Sources */,
				7CBCB14823A14F4600B2F484 /* GenreNameCollectionViewCell.swift in Sources */,
			);
			runOnlyForDeploymentPostprocessing = 0;
		};
		7C0B68DF239A45E500501DF3 /* Sources */ = {
			isa = PBXSourcesBuildPhase;
			buildActionMask = 2147483647;
			files = (
				7C0B68E8239A45E500501DF3 /* movies_appTests.swift in Sources */,
			);
			runOnlyForDeploymentPostprocessing = 0;
		};
		7C0B68EA239A45E500501DF3 /* Sources */ = {
			isa = PBXSourcesBuildPhase;
			buildActionMask = 2147483647;
			files = (
				7C0B68F3239A45E500501DF3 /* movies_appUITests.swift in Sources */,
			);
			runOnlyForDeploymentPostprocessing = 0;
		};
/* End PBXSourcesBuildPhase section */

/* Begin PBXTargetDependency section */
		7C0B68E5239A45E500501DF3 /* PBXTargetDependency */ = {
			isa = PBXTargetDependency;
			target = 7C0B68CC239A45E400501DF3 /* movies-app */;
			targetProxy = 7C0B68E4239A45E500501DF3 /* PBXContainerItemProxy */;
		};
		7C0B68F0239A45E500501DF3 /* PBXTargetDependency */ = {
			isa = PBXTargetDependency;
			target = 7C0B68CC239A45E400501DF3 /* movies-app */;
			targetProxy = 7C0B68EF239A45E500501DF3 /* PBXContainerItemProxy */;
		};
/* End PBXTargetDependency section */

/* Begin PBXVariantGroup section */
		7C0B68DB239A45E500501DF3 /* LaunchScreen.storyboard */ = {
			isa = PBXVariantGroup;
			children = (
				7C0B68DC239A45E500501DF3 /* Base */,
			);
			name = LaunchScreen.storyboard;
			sourceTree = "<group>";
		};
/* End PBXVariantGroup section */

/* Begin XCBuildConfiguration section */
		7C0B68F5239A45E500501DF3 /* Debug */ = {
			isa = XCBuildConfiguration;
			buildSettings = {
				ALWAYS_SEARCH_USER_PATHS = NO;
				CLANG_ANALYZER_NONNULL = YES;
				CLANG_ANALYZER_NUMBER_OBJECT_CONVERSION = YES_AGGRESSIVE;
				CLANG_CXX_LANGUAGE_STANDARD = "gnu++14";
				CLANG_CXX_LIBRARY = "libc++";
				CLANG_ENABLE_MODULES = YES;
				CLANG_ENABLE_OBJC_ARC = YES;
				CLANG_ENABLE_OBJC_WEAK = YES;
				CLANG_WARN_BLOCK_CAPTURE_AUTORELEASING = YES;
				CLANG_WARN_BOOL_CONVERSION = YES;
				CLANG_WARN_COMMA = YES;
				CLANG_WARN_CONSTANT_CONVERSION = YES;
				CLANG_WARN_DEPRECATED_OBJC_IMPLEMENTATIONS = YES;
				CLANG_WARN_DIRECT_OBJC_ISA_USAGE = YES_ERROR;
				CLANG_WARN_DOCUMENTATION_COMMENTS = YES;
				CLANG_WARN_EMPTY_BODY = YES;
				CLANG_WARN_ENUM_CONVERSION = YES;
				CLANG_WARN_INFINITE_RECURSION = YES;
				CLANG_WARN_INT_CONVERSION = YES;
				CLANG_WARN_NON_LITERAL_NULL_CONVERSION = YES;
				CLANG_WARN_OBJC_IMPLICIT_RETAIN_SELF = YES;
				CLANG_WARN_OBJC_LITERAL_CONVERSION = YES;
				CLANG_WARN_OBJC_ROOT_CLASS = YES_ERROR;
				CLANG_WARN_RANGE_LOOP_ANALYSIS = YES;
				CLANG_WARN_STRICT_PROTOTYPES = YES;
				CLANG_WARN_SUSPICIOUS_MOVE = YES;
				CLANG_WARN_UNGUARDED_AVAILABILITY = YES_AGGRESSIVE;
				CLANG_WARN_UNREACHABLE_CODE = YES;
				CLANG_WARN__DUPLICATE_METHOD_MATCH = YES;
				COPY_PHASE_STRIP = NO;
				DEBUG_INFORMATION_FORMAT = dwarf;
				ENABLE_STRICT_OBJC_MSGSEND = YES;
				ENABLE_TESTABILITY = YES;
				GCC_C_LANGUAGE_STANDARD = gnu11;
				GCC_DYNAMIC_NO_PIC = NO;
				GCC_NO_COMMON_BLOCKS = YES;
				GCC_OPTIMIZATION_LEVEL = 0;
				GCC_PREPROCESSOR_DEFINITIONS = (
					"DEBUG=1",
					"$(inherited)",
				);
				GCC_WARN_64_TO_32_BIT_CONVERSION = YES;
				GCC_WARN_ABOUT_RETURN_TYPE = YES_ERROR;
				GCC_WARN_UNDECLARED_SELECTOR = YES;
				GCC_WARN_UNINITIALIZED_AUTOS = YES_AGGRESSIVE;
				GCC_WARN_UNUSED_FUNCTION = YES;
				GCC_WARN_UNUSED_VARIABLE = YES;
				IPHONEOS_DEPLOYMENT_TARGET = 13.2;
				MTL_ENABLE_DEBUG_INFO = INCLUDE_SOURCE;
				MTL_FAST_MATH = YES;
				ONLY_ACTIVE_ARCH = YES;
				SDKROOT = iphoneos;
				SWIFT_ACTIVE_COMPILATION_CONDITIONS = DEBUG;
				SWIFT_OPTIMIZATION_LEVEL = "-Onone";
			};
			name = Debug;
		};
		7C0B68F6239A45E500501DF3 /* Release */ = {
			isa = XCBuildConfiguration;
			buildSettings = {
				ALWAYS_SEARCH_USER_PATHS = NO;
				CLANG_ANALYZER_NONNULL = YES;
				CLANG_ANALYZER_NUMBER_OBJECT_CONVERSION = YES_AGGRESSIVE;
				CLANG_CXX_LANGUAGE_STANDARD = "gnu++14";
				CLANG_CXX_LIBRARY = "libc++";
				CLANG_ENABLE_MODULES = YES;
				CLANG_ENABLE_OBJC_ARC = YES;
				CLANG_ENABLE_OBJC_WEAK = YES;
				CLANG_WARN_BLOCK_CAPTURE_AUTORELEASING = YES;
				CLANG_WARN_BOOL_CONVERSION = YES;
				CLANG_WARN_COMMA = YES;
				CLANG_WARN_CONSTANT_CONVERSION = YES;
				CLANG_WARN_DEPRECATED_OBJC_IMPLEMENTATIONS = YES;
				CLANG_WARN_DIRECT_OBJC_ISA_USAGE = YES_ERROR;
				CLANG_WARN_DOCUMENTATION_COMMENTS = YES;
				CLANG_WARN_EMPTY_BODY = YES;
				CLANG_WARN_ENUM_CONVERSION = YES;
				CLANG_WARN_INFINITE_RECURSION = YES;
				CLANG_WARN_INT_CONVERSION = YES;
				CLANG_WARN_NON_LITERAL_NULL_CONVERSION = YES;
				CLANG_WARN_OBJC_IMPLICIT_RETAIN_SELF = YES;
				CLANG_WARN_OBJC_LITERAL_CONVERSION = YES;
				CLANG_WARN_OBJC_ROOT_CLASS = YES_ERROR;
				CLANG_WARN_RANGE_LOOP_ANALYSIS = YES;
				CLANG_WARN_STRICT_PROTOTYPES = YES;
				CLANG_WARN_SUSPICIOUS_MOVE = YES;
				CLANG_WARN_UNGUARDED_AVAILABILITY = YES_AGGRESSIVE;
				CLANG_WARN_UNREACHABLE_CODE = YES;
				CLANG_WARN__DUPLICATE_METHOD_MATCH = YES;
				COPY_PHASE_STRIP = NO;
				DEBUG_INFORMATION_FORMAT = "dwarf-with-dsym";
				ENABLE_NS_ASSERTIONS = NO;
				ENABLE_STRICT_OBJC_MSGSEND = YES;
				GCC_C_LANGUAGE_STANDARD = gnu11;
				GCC_NO_COMMON_BLOCKS = YES;
				GCC_WARN_64_TO_32_BIT_CONVERSION = YES;
				GCC_WARN_ABOUT_RETURN_TYPE = YES_ERROR;
				GCC_WARN_UNDECLARED_SELECTOR = YES;
				GCC_WARN_UNINITIALIZED_AUTOS = YES_AGGRESSIVE;
				GCC_WARN_UNUSED_FUNCTION = YES;
				GCC_WARN_UNUSED_VARIABLE = YES;
				IPHONEOS_DEPLOYMENT_TARGET = 13.2;
				MTL_ENABLE_DEBUG_INFO = NO;
				MTL_FAST_MATH = YES;
				SDKROOT = iphoneos;
				SWIFT_COMPILATION_MODE = wholemodule;
				SWIFT_OPTIMIZATION_LEVEL = "-O";
				VALIDATE_PRODUCT = YES;
			};
			name = Release;
		};
		7C0B68F8239A45E500501DF3 /* Debug */ = {
			isa = XCBuildConfiguration;
			baseConfigurationReference = 535BF1DA553778726D4CFA19 /* Pods-movies-app.debug.xcconfig */;
			buildSettings = {
				ASSETCATALOG_COMPILER_APPICON_NAME = AppIcon;
				CODE_SIGN_STYLE = Automatic;
				DEVELOPMENT_TEAM = 69QXHLFPRG;
				INFOPLIST_FILE = "movies-app/ApplicationLayer/Info.plist";
				LD_RUNPATH_SEARCH_PATHS = (
					"$(inherited)",
					"@executable_path/Frameworks",
				);
				PRODUCT_BUNDLE_IDENTIFIER = "com.epam.movies-app";
				PRODUCT_NAME = "Movies App";
				SWIFT_VERSION = 5.0;
				TARGETED_DEVICE_FAMILY = "1,2";
			};
			name = Debug;
		};
		7C0B68F9239A45E500501DF3 /* Release */ = {
			isa = XCBuildConfiguration;
			baseConfigurationReference = D082CB9291D81E7D66C671A2 /* Pods-movies-app.release.xcconfig */;
			buildSettings = {
				ASSETCATALOG_COMPILER_APPICON_NAME = AppIcon;
				CODE_SIGN_STYLE = Automatic;
				DEVELOPMENT_TEAM = 69QXHLFPRG;
				INFOPLIST_FILE = "movies-app/ApplicationLayer/Info.plist";
				LD_RUNPATH_SEARCH_PATHS = (
					"$(inherited)",
					"@executable_path/Frameworks",
				);
				PRODUCT_BUNDLE_IDENTIFIER = "com.epam.movies-app";
				PRODUCT_NAME = "Movies App";
				SWIFT_VERSION = 5.0;
				TARGETED_DEVICE_FAMILY = "1,2";
			};
			name = Release;
		};
		7C0B68FB239A45E500501DF3 /* Debug */ = {
			isa = XCBuildConfiguration;
			baseConfigurationReference = 1DC9380017051A64EBFD2C93 /* Pods-movies-appTests.debug.xcconfig */;
			buildSettings = {
				ALWAYS_EMBED_SWIFT_STANDARD_LIBRARIES = YES;
				BUNDLE_LOADER = "$(TEST_HOST)";
				CODE_SIGN_STYLE = Automatic;
				DEVELOPMENT_TEAM = 69QXHLFPRG;
				INFOPLIST_FILE = "movies-appTests/Info.plist";
				IPHONEOS_DEPLOYMENT_TARGET = 13.2;
				LD_RUNPATH_SEARCH_PATHS = (
					"$(inherited)",
					"@executable_path/Frameworks",
					"@loader_path/Frameworks",
				);
				PRODUCT_BUNDLE_IDENTIFIER = "com.epam.movies-appTests";
				PRODUCT_NAME = "$(TARGET_NAME)";
				SWIFT_VERSION = 5.0;
				TARGETED_DEVICE_FAMILY = "1,2";
				TEST_HOST = "$(BUILT_PRODUCTS_DIR)/movies-app.app/movies-app";
			};
			name = Debug;
		};
		7C0B68FC239A45E500501DF3 /* Release */ = {
			isa = XCBuildConfiguration;
			baseConfigurationReference = 26D9119DDD2A2BDA8C87C4A8 /* Pods-movies-appTests.release.xcconfig */;
			buildSettings = {
				ALWAYS_EMBED_SWIFT_STANDARD_LIBRARIES = YES;
				BUNDLE_LOADER = "$(TEST_HOST)";
				CODE_SIGN_STYLE = Automatic;
				DEVELOPMENT_TEAM = 69QXHLFPRG;
				INFOPLIST_FILE = "movies-appTests/Info.plist";
				IPHONEOS_DEPLOYMENT_TARGET = 13.2;
				LD_RUNPATH_SEARCH_PATHS = (
					"$(inherited)",
					"@executable_path/Frameworks",
					"@loader_path/Frameworks",
				);
				PRODUCT_BUNDLE_IDENTIFIER = "com.epam.movies-appTests";
				PRODUCT_NAME = "$(TARGET_NAME)";
				SWIFT_VERSION = 5.0;
				TARGETED_DEVICE_FAMILY = "1,2";
				TEST_HOST = "$(BUILT_PRODUCTS_DIR)/movies-app.app/movies-app";
			};
			name = Release;
		};
		7C0B68FE239A45E500501DF3 /* Debug */ = {
			isa = XCBuildConfiguration;
			baseConfigurationReference = 4422200565BFA92F1B8D3D3E /* Pods-movies-app-movies-appUITests.debug.xcconfig */;
			buildSettings = {
				ALWAYS_EMBED_SWIFT_STANDARD_LIBRARIES = YES;
				CODE_SIGN_STYLE = Automatic;
				DEVELOPMENT_TEAM = 69QXHLFPRG;
				INFOPLIST_FILE = "movies-appUITests/Info.plist";
				LD_RUNPATH_SEARCH_PATHS = (
					"$(inherited)",
					"@executable_path/Frameworks",
					"@loader_path/Frameworks",
				);
				PRODUCT_BUNDLE_IDENTIFIER = "com.epam.movies-appUITests";
				PRODUCT_NAME = "$(TARGET_NAME)";
				SWIFT_VERSION = 5.0;
				TARGETED_DEVICE_FAMILY = "1,2";
				TEST_TARGET_NAME = "movies-app";
			};
			name = Debug;
		};
		7C0B68FF239A45E500501DF3 /* Release */ = {
			isa = XCBuildConfiguration;
			baseConfigurationReference = C4BA6A873535BE3A16E94CB1 /* Pods-movies-app-movies-appUITests.release.xcconfig */;
			buildSettings = {
				ALWAYS_EMBED_SWIFT_STANDARD_LIBRARIES = YES;
				CODE_SIGN_STYLE = Automatic;
				DEVELOPMENT_TEAM = 69QXHLFPRG;
				INFOPLIST_FILE = "movies-appUITests/Info.plist";
				LD_RUNPATH_SEARCH_PATHS = (
					"$(inherited)",
					"@executable_path/Frameworks",
					"@loader_path/Frameworks",
				);
				PRODUCT_BUNDLE_IDENTIFIER = "com.epam.movies-appUITests";
				PRODUCT_NAME = "$(TARGET_NAME)";
				SWIFT_VERSION = 5.0;
				TARGETED_DEVICE_FAMILY = "1,2";
				TEST_TARGET_NAME = "movies-app";
			};
			name = Release;
		};
/* End XCBuildConfiguration section */

/* Begin XCConfigurationList section */
		7C0B68C8239A45E300501DF3 /* Build configuration list for PBXProject "movies-app" */ = {
			isa = XCConfigurationList;
			buildConfigurations = (
				7C0B68F5239A45E500501DF3 /* Debug */,
				7C0B68F6239A45E500501DF3 /* Release */,
			);
			defaultConfigurationIsVisible = 0;
			defaultConfigurationName = Release;
		};
		7C0B68F7239A45E500501DF3 /* Build configuration list for PBXNativeTarget "movies-app" */ = {
			isa = XCConfigurationList;
			buildConfigurations = (
				7C0B68F8239A45E500501DF3 /* Debug */,
				7C0B68F9239A45E500501DF3 /* Release */,
			);
			defaultConfigurationIsVisible = 0;
			defaultConfigurationName = Release;
		};
		7C0B68FA239A45E500501DF3 /* Build configuration list for PBXNativeTarget "movies-appTests" */ = {
			isa = XCConfigurationList;
			buildConfigurations = (
				7C0B68FB239A45E500501DF3 /* Debug */,
				7C0B68FC239A45E500501DF3 /* Release */,
			);
			defaultConfigurationIsVisible = 0;
			defaultConfigurationName = Release;
		};
		7C0B68FD239A45E500501DF3 /* Build configuration list for PBXNativeTarget "movies-appUITests" */ = {
			isa = XCConfigurationList;
			buildConfigurations = (
				7C0B68FE239A45E500501DF3 /* Debug */,
				7C0B68FF239A45E500501DF3 /* Release */,
			);
			defaultConfigurationIsVisible = 0;
			defaultConfigurationName = Release;
		};
/* End XCConfigurationList section */
	};
	rootObject = 7C0B68C5239A45E300501DF3 /* Project object */;
}
